// !$*UTF8*$!
{
	archiveVersion = 1;
	classes = {
	};
	objectVersion = 77;
	objects = {

/* Begin PBXBuildFile section */
		01B9A33466EA64DFE5877B91 /* SearchViewModel.swift in Sources */ = {isa = PBXBuildFile; fileRef = 74447C6661E1A619B03D4C18 /* SearchViewModel.swift */; };
		01D817C461007EBCF52C5787 /* LineDiffView.swift in Sources */ = {isa = PBXBuildFile; fileRef = 35DAA311D4727DE3B15770F1 /* LineDiffView.swift */; };
		11503C4F14838E3B211E4B4A /* HealthKitService.swift in Sources */ = {isa = PBXBuildFile; fileRef = CE5F0C47E4102AE435A1B98D /* HealthKitService.swift */; };
		1238378409A980AA1988538F /* AssistantMessageContent.swift in Sources */ = {isa = PBXBuildFile; fileRef = 5D4D7D6C4DB561619D00CAD4 /* AssistantMessageContent.swift */; };
		1DD68D70FC55ACBD275451C2 /* ToolCallView.swift in Sources */ = {isa = PBXBuildFile; fileRef = 238BF8BF39C77ED440301D70 /* ToolCallView.swift */; };
		A1B2C3D4E5F60002 /* SystemMessageView.swift in Sources */ = {isa = PBXBuildFile; fileRef = A1B2C3D4E5F60001 /* SystemMessageView.swift */; };
		24806DB610F98A80FC3BE0E9 /* SearchResultsView.swift in Sources */ = {isa = PBXBuildFile; fileRef = F28C3416B9C8AAD81CB7E8DB /* SearchResultsView.swift */; };
		24E8F6F70F26BC3FBE4A8BDF /* CalendarService.swift in Sources */ = {isa = PBXBuildFile; fileRef = 0E132D16CAF28DCB3B174F28 /* CalendarService.swift */; };
		2573911977348401137DDA96 /* LocalNotificationService.swift in Sources */ = {isa = PBXBuildFile; fileRef = 4AAA3212B4C4B2DC1AD5C559 /* LocalNotificationService.swift */; };
		2A3742F5813615FECE00AF38 /* MarkdownUI in Frameworks */ = {isa = PBXBuildFile; productRef = 0205208DE628A032B7FC03A5 /* MarkdownUI */; };
		2C41F770CE1E133AB8AD6A64 /* CheckPiStatusIntent.swift in Sources */ = {isa = PBXBuildFile; fileRef = 48CCCC9CC08E1D08A1A7B8E2 /* CheckPiStatusIntent.swift */; };
		31B85B2F0C4A784FB94F430C /* ChatViewModel.swift in Sources */ = {isa = PBXBuildFile; fileRef = 836EB2F569568AD01EBB6732 /* ChatViewModel.swift */; };
		3568E9A59A2673F94DA7A9F2 /* PiDashApp.swift in Sources */ = {isa = PBXBuildFile; fileRef = A17E75D21EAB3EC9B1BC0BC4 /* PiDashApp.swift */; };
		3A35FD7E7F0A99B1AA2C7B67 /* ChatInputBar.swift in Sources */ = {isa = PBXBuildFile; fileRef = B2F316DA0D49B4A53FC0CE4F /* ChatInputBar.swift */; };
		406290EEA5DD8454C4308998 /* APIClient.swift in Sources */ = {isa = PBXBuildFile; fileRef = 789BC0FED50B9B63A997FAA7 /* APIClient.swift */; };
		417BD07A39C6DAB57AB3CA84 /* BackgroundRefreshService.swift in Sources */ = {isa = PBXBuildFile; fileRef = 28946A6701DF563BB721914B /* BackgroundRefreshService.swift */; };
		4293E98BC576FAD343780971 /* HapticManager.swift in Sources */ = {isa = PBXBuildFile; fileRef = EB09BF8BAA71D8901C82E9B7 /* HapticManager.swift */; };
		42988D7BC2211B3BC2486CAF /* LocationService.swift in Sources */ = {isa = PBXBuildFile; fileRef = A36737BF7D4BC57735B57ABC /* LocationService.swift */; };
		4A8B6035102CCFCB3305C1A9 /* RemindersService.swift in Sources */ = {isa = PBXBuildFile; fileRef = E118465ADB43D4E6A8AF59CD /* RemindersService.swift */; };
		50B4B2A3FD1DDAC9974865D0 /* GetActiveChatsIntent.swift in Sources */ = {isa = PBXBuildFile; fileRef = 53726014E532D9828D3B63CC /* GetActiveChatsIntent.swift */; };
		63904453439371641F247790 /* WebSocketManager.swift in Sources */ = {isa = PBXBuildFile; fileRef = 69E15861A2217BBE79B79972 /* WebSocketManager.swift */; };
		78F84E31957C3BF31BB704F1 /* SpeechService.swift in Sources */ = {isa = PBXBuildFile; fileRef = 3C452C0FBBC4BDEF545341A8 /* SpeechService.swift */; };
		795A2660FE11416F8780CB1E /* SettingsView.swift in Sources */ = {isa = PBXBuildFile; fileRef = E6D62D76D4F4395254F5CFF5 /* SettingsView.swift */; };
		7BEFA575A194918088A5F404 /* ServerConfig.swift in Sources */ = {isa = PBXBuildFile; fileRef = DBA38927A210B8A6BFB78498 /* ServerConfig.swift */; };
		81A79FD9C8ABC818863B101B /* MessageBubble.swift in Sources */ = {isa = PBXBuildFile; fileRef = A6C0956DDB33362A723DD498 /* MessageBubble.swift */; };
		8334FFC35DF87DCA245E0381 /* ConnectionBanner.swift in Sources */ = {isa = PBXBuildFile; fileRef = 64FD511FAE1D25366BE99B3F /* ConnectionBanner.swift */; };
		878EB4797E74FBB81BAFE1ED /* AppTheme.swift in Sources */ = {isa = PBXBuildFile; fileRef = AF70333902B6EE893FC3174A /* AppTheme.swift */; };
		87A3EE96219338AAF7ED07A1 /* Highlightr in Frameworks */ = {isa = PBXBuildFile; productRef = 6245B73A834A08D1F18FD06B /* Highlightr */; };
		8D18BEE0EF69AAF695284EF9 /* IntentNetworking.swift in Sources */ = {isa = PBXBuildFile; fileRef = 183B70777D23D1466B829FCA /* IntentNetworking.swift */; };
		907A65175822658595EA7FC5 /* SlashCommand.swift in Sources */ = {isa = PBXBuildFile; fileRef = 9C60FEE296873E7810A2906C /* SlashCommand.swift */; };
		977AFC59317D367DEBA3C618 /* ChatEmptyStateView.swift in Sources */ = {isa = PBXBuildFile; fileRef = 7FFF6A7E542A794B25A57526 /* ChatEmptyStateView.swift */; };
		9E826C343BEDE35DB8DA9F78 /* ChatSlot.swift in Sources */ = {isa = PBXBuildFile; fileRef = F447C462AA02BA23363BA71B /* ChatSlot.swift */; };
		A6771BD726D74F0ECE28A32D /* SlotListViewModel.swift in Sources */ = {isa = PBXBuildFile; fileRef = 39B5DE5265BA22F0B215613C /* SlotListViewModel.swift */; };
		B57D3F87E7A2499E2402965E /* SkillsRailView.swift in Sources */ = {isa = PBXBuildFile; fileRef = D45E6C0B725F939996B74A27 /* SkillsRailView.swift */; };
		B71D874409F013BB5124C2D1 /* SlotListView.swift in Sources */ = {isa = PBXBuildFile; fileRef = 39DCB7941AD46363E454E0DA /* SlotListView.swift */; };
		BA98B3CEBA5C03C0AC353ADB /* MarkdownTheme.swift in Sources */ = {isa = PBXBuildFile; fileRef = 25EF346E0D7D0640CE589D55 /* MarkdownTheme.swift */; };
		C00B5ADC864C1FF36297C862 /* RelativeTimeFormatter.swift in Sources */ = {isa = PBXBuildFile; fileRef = CB87FB21C374364D3A414939 /* RelativeTimeFormatter.swift */; };
		C3E702B869BB720E486311CD /* NetworkImage in Frameworks */ = {isa = PBXBuildFile; productRef = 100E491F5272A14398DEED4C /* NetworkImage */; };
		C6F915FF86AE9E9E91442954 /* AppState.swift in Sources */ = {isa = PBXBuildFile; fileRef = BD49B269C69BABE939F77B86 /* AppState.swift */; };
		C756272D812BC761C179B47D /* ChatMessage.swift in Sources */ = {isa = PBXBuildFile; fileRef = C0887298D39E179DD0FD5986 /* ChatMessage.swift */; };
		CB06ACC75F082DED10461A0F /* ContactsService.swift in Sources */ = {isa = PBXBuildFile; fileRef = 6F9E3B2F4874A24498C3E33B /* ContactsService.swift */; };
		D62AD4D2B5DA12A9F9282A12 /* CommandPaletteSheet.swift in Sources */ = {isa = PBXBuildFile; fileRef = 2D5F8753F4F8718234465265 /* CommandPaletteSheet.swift */; };
		D74D00F31D2FD729A5CD6BC8 /* InlineImageView.swift in Sources */ = {isa = PBXBuildFile; fileRef = 519D23A51D27EBEE4AE7B00D /* InlineImageView.swift */; };
		D8C70ECB5E47484F6BB4F9B1 /* SessionHistoryView.swift in Sources */ = {isa = PBXBuildFile; fileRef = F0B5595BF9CE7B191C4011B9 /* SessionHistoryView.swift */; };
		DA50A60429D0606D519F4751 /* APIModels.swift in Sources */ = {isa = PBXBuildFile; fileRef = 7329591BD291B8D5E93094E6 /* APIModels.swift */; };
		DAAB7240BE42A656B4E5CE3F /* RootView.swift in Sources */ = {isa = PBXBuildFile; fileRef = 3D017AEDBCFD52CCD5A499FF /* RootView.swift */; };
		E19B2E1E1AFCBACB52B59417 /* ChatView.swift in Sources */ = {isa = PBXBuildFile; fileRef = 1DEF0C100C668F368D19E82F /* ChatView.swift */; };
		E35A5E968F9C09FFED05BDC6 /* Assets.xcassets in Resources */ = {isa = PBXBuildFile; fileRef = 0EBD7361EF456B5F0436A74A /* Assets.xcassets */; };
		EA4B3C5C02D14B25B795B0DF /* AskPiIntent.swift in Sources */ = {isa = PBXBuildFile; fileRef = 2C952B932891A69081772B14 /* AskPiIntent.swift */; };
		EF746E0917E1EEC44B891544 /* SendToPiIntent.swift in Sources */ = {isa = PBXBuildFile; fileRef = E9163021794CFFBDC993AB76 /* SendToPiIntent.swift */; };
		F18845C9A0BC1F7E8B4D3F6D /* PiDashShortcuts.swift in Sources */ = {isa = PBXBuildFile; fileRef = 5A9E46D8D71AA73AA46BF218 /* PiDashShortcuts.swift */; };
		F40A42BF25A2BC41A60D27E1 /* ThinkingView.swift in Sources */ = {isa = PBXBuildFile; fileRef = 85CF3CD5B785E976FDAF1644 /* ThinkingView.swift */; };
		F690BABD60E87BA2D6B2D82F /* FileViewerSheet.swift in Sources */ = {isa = PBXBuildFile; fileRef = ABE979D338BBFAC6FCAE7017 /* FileViewerSheet.swift */; };
		F6E2764CD141CE720434A92B /* SlotRow.swift in Sources */ = {isa = PBXBuildFile; fileRef = A55A63DAAA5085318A112FC9 /* SlotRow.swift */; };
		B1C2D3E4F5A60002 /* TagEditorSheet.swift in Sources */ = {isa = PBXBuildFile; fileRef = B1C2D3E4F5A60001 /* TagEditorSheet.swift */; };
		FAB50CB7FFBE6724BAAE8EC2 /* ProjectPickerSheet.swift in Sources */ = {isa = PBXBuildFile; fileRef = DACF277B8CC99355686B1C6F /* ProjectPickerSheet.swift */; };
		FC6E3F0C6B2656CC2D64AF8E /* EmptyStateView.swift in Sources */ = {isa = PBXBuildFile; fileRef = BEC4BB88795149637EA1305F /* EmptyStateView.swift */; };
8E5319679DEEC2A816F70F4A /* ShareView.swift in Sources */ = {isa = PBXBuildFile; fileRef = 268ED32C4E849718AF8D4303 /* ShareView.swift */; };
2441AE0E56B1A063674CB584 /* ShareViewController.swift in Sources */ = {isa = PBXBuildFile; fileRef = FDC9D0B24B2D0B801EF003AF /* ShareViewController.swift */; };
B691A305FC38F6DF01BEA7CA /* ShareViewModel.swift in Sources */ = {isa = PBXBuildFile; fileRef = A16C8185F7D80C638FD35A53 /* ShareViewModel.swift */; };
C050F7E97122191AA8F77EB2 /* PiDashShare.appex in Embed App Extensions */ = {isa = PBXBuildFile; fileRef = 600760179E2976E8A5E4618A /* PiDashShare.appex */; settings = {ATTRIBUTES = (RemoveHeadersOnCopy, ); }; };
/* End PBXBuildFile section */

/* Begin PBXFileReference section */
		0E132D16CAF28DCB3B174F28 /* CalendarService.swift */ = {isa = PBXFileReference; lastKnownFileType = sourcecode.swift; path = CalendarService.swift; sourceTree = "<group>"; };
		0EBD7361EF456B5F0436A74A /* Assets.xcassets */ = {isa = PBXFileReference; lastKnownFileType = folder.assetcatalog; path = Assets.xcassets; sourceTree = "<group>"; };
		183B70777D23D1466B829FCA /* IntentNetworking.swift */ = {isa = PBXFileReference; lastKnownFileType = sourcecode.swift; path = IntentNetworking.swift; sourceTree = "<group>"; };
		1DEF0C100C668F368D19E82F /* ChatView.swift */ = {isa = PBXFileReference; lastKnownFileType = sourcecode.swift; path = ChatView.swift; sourceTree = "<group>"; };
		22694B85988C36300067EA53 /* Info.plist */ = {isa = PBXFileReference; lastKnownFileType = text.plist; path = Info.plist; sourceTree = "<group>"; };
		238BF8BF39C77ED440301D70 /* ToolCallView.swift */ = {isa = PBXFileReference; lastKnownFileType = sourcecode.swift; path = ToolCallView.swift; sourceTree = "<group>"; };
		A1B2C3D4E5F60001 /* SystemMessageView.swift */ = {isa = PBXFileReference; lastKnownFileType = sourcecode.swift; path = SystemMessageView.swift; sourceTree = "<group>"; };
		25EF346E0D7D0640CE589D55 /* MarkdownTheme.swift */ = {isa = PBXFileReference; lastKnownFileType = sourcecode.swift; path = MarkdownTheme.swift; sourceTree = "<group>"; };
		28946A6701DF563BB721914B /* BackgroundRefreshService.swift */ = {isa = PBXFileReference; lastKnownFileType = sourcecode.swift; path = BackgroundRefreshService.swift; sourceTree = "<group>"; };
		2C952B932891A69081772B14 /* AskPiIntent.swift */ = {isa = PBXFileReference; lastKnownFileType = sourcecode.swift; path = AskPiIntent.swift; sourceTree = "<group>"; };
		2D5F8753F4F8718234465265 /* CommandPaletteSheet.swift */ = {isa = PBXFileReference; lastKnownFileType = sourcecode.swift; path = CommandPaletteSheet.swift; sourceTree = "<group>"; };
		35DAA311D4727DE3B15770F1 /* LineDiffView.swift */ = {isa = PBXFileReference; lastKnownFileType = sourcecode.swift; path = LineDiffView.swift; sourceTree = "<group>"; };
		39B5DE5265BA22F0B215613C /* SlotListViewModel.swift */ = {isa = PBXFileReference; lastKnownFileType = sourcecode.swift; path = SlotListViewModel.swift; sourceTree = "<group>"; };
		39DCB7941AD46363E454E0DA /* SlotListView.swift */ = {isa = PBXFileReference; lastKnownFileType = sourcecode.swift; path = SlotListView.swift; sourceTree = "<group>"; };
		3C452C0FBBC4BDEF545341A8 /* SpeechService.swift */ = {isa = PBXFileReference; lastKnownFileType = sourcecode.swift; path = SpeechService.swift; sourceTree = "<group>"; };
		3D017AEDBCFD52CCD5A499FF /* RootView.swift */ = {isa = PBXFileReference; lastKnownFileType = sourcecode.swift; path = RootView.swift; sourceTree = "<group>"; };
		48CCCC9CC08E1D08A1A7B8E2 /* CheckPiStatusIntent.swift */ = {isa = PBXFileReference; lastKnownFileType = sourcecode.swift; path = CheckPiStatusIntent.swift; sourceTree = "<group>"; };
		4AAA3212B4C4B2DC1AD5C559 /* LocalNotificationService.swift */ = {isa = PBXFileReference; lastKnownFileType = sourcecode.swift; path = LocalNotificationService.swift; sourceTree = "<group>"; };
		519D23A51D27EBEE4AE7B00D /* InlineImageView.swift */ = {isa = PBXFileReference; lastKnownFileType = sourcecode.swift; path = InlineImageView.swift; sourceTree = "<group>"; };
		53726014E532D9828D3B63CC /* GetActiveChatsIntent.swift */ = {isa = PBXFileReference; lastKnownFileType = sourcecode.swift; path = GetActiveChatsIntent.swift; sourceTree = "<group>"; };
		5A9E46D8D71AA73AA46BF218 /* PiDashShortcuts.swift */ = {isa = PBXFileReference; lastKnownFileType = sourcecode.swift; path = PiDashShortcuts.swift; sourceTree = "<group>"; };
		5D4D7D6C4DB561619D00CAD4 /* AssistantMessageContent.swift */ = {isa = PBXFileReference; lastKnownFileType = sourcecode.swift; path = AssistantMessageContent.swift; sourceTree = "<group>"; };
		64FD511FAE1D25366BE99B3F /* ConnectionBanner.swift */ = {isa = PBXFileReference; lastKnownFileType = sourcecode.swift; path = ConnectionBanner.swift; sourceTree = "<group>"; };
		69E15861A2217BBE79B79972 /* WebSocketManager.swift */ = {isa = PBXFileReference; lastKnownFileType = sourcecode.swift; path = WebSocketManager.swift; sourceTree = "<group>"; };
		6F9E3B2F4874A24498C3E33B /* ContactsService.swift */ = {isa = PBXFileReference; lastKnownFileType = sourcecode.swift; path = ContactsService.swift; sourceTree = "<group>"; };
		7329591BD291B8D5E93094E6 /* APIModels.swift */ = {isa = PBXFileReference; lastKnownFileType = sourcecode.swift; path = APIModels.swift; sourceTree = "<group>"; };
		74447C6661E1A619B03D4C18 /* SearchViewModel.swift */ = {isa = PBXFileReference; lastKnownFileType = sourcecode.swift; path = SearchViewModel.swift; sourceTree = "<group>"; };
		789BC0FED50B9B63A997FAA7 /* APIClient.swift */ = {isa = PBXFileReference; lastKnownFileType = sourcecode.swift; path = APIClient.swift; sourceTree = "<group>"; };
		7FFF6A7E542A794B25A57526 /* ChatEmptyStateView.swift */ = {isa = PBXFileReference; lastKnownFileType = sourcecode.swift; path = ChatEmptyStateView.swift; sourceTree = "<group>"; };
		81FF74731BB0FCBF5DD979F6 /* PiDash.entitlements */ = {isa = PBXFileReference; lastKnownFileType = text.plist.entitlements; path = PiDash.entitlements; sourceTree = "<group>"; };
		836EB2F569568AD01EBB6732 /* ChatViewModel.swift */ = {isa = PBXFileReference; lastKnownFileType = sourcecode.swift; path = ChatViewModel.swift; sourceTree = "<group>"; };
		85CF3CD5B785E976FDAF1644 /* ThinkingView.swift */ = {isa = PBXFileReference; lastKnownFileType = sourcecode.swift; path = ThinkingView.swift; sourceTree = "<group>"; };
		9C60FEE296873E7810A2906C /* SlashCommand.swift */ = {isa = PBXFileReference; lastKnownFileType = sourcecode.swift; path = SlashCommand.swift; sourceTree = "<group>"; };
		A17E75D21EAB3EC9B1BC0BC4 /* PiDashApp.swift */ = {isa = PBXFileReference; lastKnownFileType = sourcecode.swift; path = PiDashApp.swift; sourceTree = "<group>"; };
		A36737BF7D4BC57735B57ABC /* LocationService.swift */ = {isa = PBXFileReference; lastKnownFileType = sourcecode.swift; path = LocationService.swift; sourceTree = "<group>"; };
		A55A63DAAA5085318A112FC9 /* SlotRow.swift */ = {isa = PBXFileReference; lastKnownFileType = sourcecode.swift; path = SlotRow.swift; sourceTree = "<group>"; };
		B1C2D3E4F5A60001 /* TagEditorSheet.swift */ = {isa = PBXFileReference; lastKnownFileType = sourcecode.swift; path = TagEditorSheet.swift; sourceTree = "<group>"; };
		A6C0956DDB33362A723DD498 /* MessageBubble.swift */ = {isa = PBXFileReference; lastKnownFileType = sourcecode.swift; path = MessageBubble.swift; sourceTree = "<group>"; };
		ABE979D338BBFAC6FCAE7017 /* FileViewerSheet.swift */ = {isa = PBXFileReference; lastKnownFileType = sourcecode.swift; path = FileViewerSheet.swift; sourceTree = "<group>"; };
		AF70333902B6EE893FC3174A /* AppTheme.swift */ = {isa = PBXFileReference; lastKnownFileType = sourcecode.swift; path = AppTheme.swift; sourceTree = "<group>"; };
		B2F316DA0D49B4A53FC0CE4F /* ChatInputBar.swift */ = {isa = PBXFileReference; lastKnownFileType = sourcecode.swift; path = ChatInputBar.swift; sourceTree = "<group>"; };
		BBFF5D72F491675D639A0E31 /* PiDash.app */ = {isa = PBXFileReference; includeInIndex = 0; lastKnownFileType = wrapper.application; path = PiDash.app; sourceTree = BUILT_PRODUCTS_DIR; };
		BD49B269C69BABE939F77B86 /* AppState.swift */ = {isa = PBXFileReference; lastKnownFileType = sourcecode.swift; path = AppState.swift; sourceTree = "<group>"; };
		BEC4BB88795149637EA1305F /* EmptyStateView.swift */ = {isa = PBXFileReference; lastKnownFileType = sourcecode.swift; path = EmptyStateView.swift; sourceTree = "<group>"; };
		C0887298D39E179DD0FD5986 /* ChatMessage.swift */ = {isa = PBXFileReference; lastKnownFileType = sourcecode.swift; path = ChatMessage.swift; sourceTree = "<group>"; };
		CB87FB21C374364D3A414939 /* RelativeTimeFormatter.swift */ = {isa = PBXFileReference; lastKnownFileType = sourcecode.swift; path = RelativeTimeFormatter.swift; sourceTree = "<group>"; };
		CE5F0C47E4102AE435A1B98D /* HealthKitService.swift */ = {isa = PBXFileReference; lastKnownFileType = sourcecode.swift; path = HealthKitService.swift; sourceTree = "<group>"; };
		D45E6C0B725F939996B74A27 /* SkillsRailView.swift */ = {isa = PBXFileReference; lastKnownFileType = sourcecode.swift; path = SkillsRailView.swift; sourceTree = "<group>"; };
		DACF277B8CC99355686B1C6F /* ProjectPickerSheet.swift */ = {isa = PBXFileReference; lastKnownFileType = sourcecode.swift; path = ProjectPickerSheet.swift; sourceTree = "<group>"; };
		DBA38927A210B8A6BFB78498 /* ServerConfig.swift */ = {isa = PBXFileReference; lastKnownFileType = sourcecode.swift; path = ServerConfig.swift; sourceTree = "<group>"; };
		E118465ADB43D4E6A8AF59CD /* RemindersService.swift */ = {isa = PBXFileReference; lastKnownFileType = sourcecode.swift; path = RemindersService.swift; sourceTree = "<group>"; };
		E6D62D76D4F4395254F5CFF5 /* SettingsView.swift */ = {isa = PBXFileReference; lastKnownFileType = sourcecode.swift; path = SettingsView.swift; sourceTree = "<group>"; };
		E9163021794CFFBDC993AB76 /* SendToPiIntent.swift */ = {isa = PBXFileReference; lastKnownFileType = sourcecode.swift; path = SendToPiIntent.swift; sourceTree = "<group>"; };
		EB09BF8BAA71D8901C82E9B7 /* HapticManager.swift */ = {isa = PBXFileReference; lastKnownFileType = sourcecode.swift; path = HapticManager.swift; sourceTree = "<group>"; };
		F0B5595BF9CE7B191C4011B9 /* SessionHistoryView.swift */ = {isa = PBXFileReference; lastKnownFileType = sourcecode.swift; path = SessionHistoryView.swift; sourceTree = "<group>"; };
		F28C3416B9C8AAD81CB7E8DB /* SearchResultsView.swift */ = {isa = PBXFileReference; lastKnownFileType = sourcecode.swift; path = SearchResultsView.swift; sourceTree = "<group>"; };
		F447C462AA02BA23363BA71B /* ChatSlot.swift */ = {isa = PBXFileReference; lastKnownFileType = sourcecode.swift; path = ChatSlot.swift; sourceTree = "<group>"; };
268ED32C4E849718AF8D4303 /* ShareView.swift */ = {isa = PBXFileReference; lastKnownFileType = sourcecode.swift; path = ShareView.swift; sourceTree = "<group>"; };
FDC9D0B24B2D0B801EF003AF /* ShareViewController.swift */ = {isa = PBXFileReference; lastKnownFileType = sourcecode.swift; path = ShareViewController.swift; sourceTree = "<group>"; };
A16C8185F7D80C638FD35A53 /* ShareViewModel.swift */ = {isa = PBXFileReference; lastKnownFileType = sourcecode.swift; path = ShareViewModel.swift; sourceTree = "<group>"; };
CCD3567E28F12B5C0134EAAD /* Info.plist */ = {isa = PBXFileReference; lastKnownFileType = text.plist.xml; path = Info.plist; sourceTree = "<group>"; };
9C48420B71B5027D153CC4ED /* PiDashShare.entitlements */ = {isa = PBXFileReference; lastKnownFileType = text.plist.entitlements; path = PiDashShare.entitlements; sourceTree = "<group>"; };
600760179E2976E8A5E4618A /* PiDashShare.appex */ = {isa = PBXFileReference; explicitFileType = "wrapper.app-extension"; includeInIndex = 0; path = PiDashShare.appex; sourceTree = BUILT_PRODUCTS_DIR; };
/* End PBXFileReference section */

/* Begin PBXFrameworksBuildPhase section */
		5D7C591675B45D41B1FB4A53 /* Frameworks */ = {
			isa = PBXFrameworksBuildPhase;
			buildActionMask = 2147483647;
			files = (
				2A3742F5813615FECE00AF38 /* MarkdownUI in Frameworks */,
				C3E702B869BB720E486311CD /* NetworkImage in Frameworks */,
				87A3EE96219338AAF7ED07A1 /* Highlightr in Frameworks */,
			);
			runOnlyForDeploymentPostprocessing = 0;
		};
A168520FC13293289778C452 /* Frameworks */ = {
	isa = PBXFrameworksBuildPhase;
	buildActionMask = 2147483647;
	files = (
	);
	runOnlyForDeploymentPostprocessing = 0;
};
/* End PBXFrameworksBuildPhase section */

/* Begin PBXGroup section */
		05889173E299BAFD980030AF /* Intents */ = {
			isa = PBXGroup;
			children = (
				2C952B932891A69081772B14 /* AskPiIntent.swift */,
				48CCCC9CC08E1D08A1A7B8E2 /* CheckPiStatusIntent.swift */,
				53726014E532D9828D3B63CC /* GetActiveChatsIntent.swift */,
				183B70777D23D1466B829FCA /* IntentNetworking.swift */,
				5A9E46D8D71AA73AA46BF218 /* PiDashShortcuts.swift */,
				E9163021794CFFBDC993AB76 /* SendToPiIntent.swift */,
			);
			path = Intents;
			sourceTree = "<group>";
		};
		0FBD0B08711010CA9B546724 /* PiDash */ = {
			isa = PBXGroup;
			children = (
				0EBD7361EF456B5F0436A74A /* Assets.xcassets */,
				22694B85988C36300067EA53 /* Info.plist */,
				81FF74731BB0FCBF5DD979F6 /* PiDash.entitlements */,
				A17E75D21EAB3EC9B1BC0BC4 /* PiDashApp.swift */,
				3D017AEDBCFD52CCD5A499FF /* RootView.swift */,
				05889173E299BAFD980030AF /* Intents */,
				362CDBE2489801C680958006 /* Models */,
				5FAC22AC1835E9B04C4250FC /* Networking */,
				25E5C00413035A07F3532567 /* Utilities */,
				B39D49DFEBC40793A4CB4F84 /* ViewModels */,
				C472670A2535C475EDB9E9D1 /* Views */,
			);
			path = PiDash;
			sourceTree = "<group>";
		};
		1F92B2AE1A9EB6F145FEC65A /* Common */ = {
			isa = PBXGroup;
			children = (
				7FFF6A7E542A794B25A57526 /* ChatEmptyStateView.swift */,
				64FD511FAE1D25366BE99B3F /* ConnectionBanner.swift */,
				BEC4BB88795149637EA1305F /* EmptyStateView.swift */,
			);
			path = Common;
			sourceTree = "<group>";
		};
		25E5C00413035A07F3532567 /* Utilities */ = {
			isa = PBXGroup;
			children = (
				AF70333902B6EE893FC3174A /* AppTheme.swift */,
				28946A6701DF563BB721914B /* BackgroundRefreshService.swift */,
				0E132D16CAF28DCB3B174F28 /* CalendarService.swift */,
				6F9E3B2F4874A24498C3E33B /* ContactsService.swift */,
				EB09BF8BAA71D8901C82E9B7 /* HapticManager.swift */,
				CE5F0C47E4102AE435A1B98D /* HealthKitService.swift */,
				4AAA3212B4C4B2DC1AD5C559 /* LocalNotificationService.swift */,
				A36737BF7D4BC57735B57ABC /* LocationService.swift */,
				25EF346E0D7D0640CE589D55 /* MarkdownTheme.swift */,
				CB87FB21C374364D3A414939 /* RelativeTimeFormatter.swift */,
				E118465ADB43D4E6A8AF59CD /* RemindersService.swift */,
				3C452C0FBBC4BDEF545341A8 /* SpeechService.swift */,
			);
			path = Utilities;
			sourceTree = "<group>";
		};
		362CDBE2489801C680958006 /* Models */ = {
			isa = PBXGroup;
			children = (
				7329591BD291B8D5E93094E6 /* APIModels.swift */,
				C0887298D39E179DD0FD5986 /* ChatMessage.swift */,
				F447C462AA02BA23363BA71B /* ChatSlot.swift */,
				9C60FEE296873E7810A2906C /* SlashCommand.swift */,
			);
			path = Models;
			sourceTree = "<group>";
		};
		5280E3E8819BCFFD2393577C /* Chat */ = {
			isa = PBXGroup;
			children = (
				5D4D7D6C4DB561619D00CAD4 /* AssistantMessageContent.swift */,
				B2F316DA0D49B4A53FC0CE4F /* ChatInputBar.swift */,
				1DEF0C100C668F368D19E82F /* ChatView.swift */,
				2D5F8753F4F8718234465265 /* CommandPaletteSheet.swift */,
				ABE979D338BBFAC6FCAE7017 /* FileViewerSheet.swift */,
				519D23A51D27EBEE4AE7B00D /* InlineImageView.swift */,
				35DAA311D4727DE3B15770F1 /* LineDiffView.swift */,
				A6C0956DDB33362A723DD498 /* MessageBubble.swift */,
				85CF3CD5B785E976FDAF1644 /* ThinkingView.swift */,
				238BF8BF39C77ED440301D70 /* ToolCallView.swift */,
				A1B2C3D4E5F60001 /* SystemMessageView.swift */,
			);
			path = Chat;
			sourceTree = "<group>";
		};
		5FAC22AC1835E9B04C4250FC /* Networking */ = {
			isa = PBXGroup;
			children = (
				789BC0FED50B9B63A997FAA7 /* APIClient.swift */,
				DBA38927A210B8A6BFB78498 /* ServerConfig.swift */,
				69E15861A2217BBE79B79972 /* WebSocketManager.swift */,
			);
			path = Networking;
			sourceTree = "<group>";
		};
		8050E845E70EDEAD920DD7C3 /* Products */ = {
			isa = PBXGroup;
			children = (
				600760179E2976E8A5E4618A /* PiDashShare.appex */,
				BBFF5D72F491675D639A0E31 /* PiDash.app */,
			);
			name = Products;
			sourceTree = "<group>";
		};
		B39D49DFEBC40793A4CB4F84 /* ViewModels */ = {
			isa = PBXGroup;
			children = (
				BD49B269C69BABE939F77B86 /* AppState.swift */,
				836EB2F569568AD01EBB6732 /* ChatViewModel.swift */,
				74447C6661E1A619B03D4C18 /* SearchViewModel.swift */,
				39B5DE5265BA22F0B215613C /* SlotListViewModel.swift */,
			);
			path = ViewModels;
			sourceTree = "<group>";
		};
		C472670A2535C475EDB9E9D1 /* Views */ = {
			isa = PBXGroup;
			children = (
				5280E3E8819BCFFD2393577C /* Chat */,
				1F92B2AE1A9EB6F145FEC65A /* Common */,
				C90DE6835FD0C614BF7AE580 /* Settings */,
				FD59A8BC66A77C7D4C0065F1 /* SlotList */,
			);
			path = Views;
			sourceTree = "<group>";
		};
		C90DE6835FD0C614BF7AE580 /* Settings */ = {
			isa = PBXGroup;
			children = (
				E6D62D76D4F4395254F5CFF5 /* SettingsView.swift */,
			);
			path = Settings;
			sourceTree = "<group>";
		};
		E3E2EF9DBC321DF234EC23C2 = {
			isa = PBXGroup;
			children = (
				450E1AB32F62032386FF326B /* PiDashShare */,
				0FBD0B08711010CA9B546724 /* PiDash */,
				8050E845E70EDEAD920DD7C3 /* Products */,
			);
			sourceTree = "<group>";
		};
		FD59A8BC66A77C7D4C0065F1 /* SlotList */ = {
			isa = PBXGroup;
			children = (
				DACF277B8CC99355686B1C6F /* ProjectPickerSheet.swift */,
				F28C3416B9C8AAD81CB7E8DB /* SearchResultsView.swift */,
				F0B5595BF9CE7B191C4011B9 /* SessionHistoryView.swift */,
				D45E6C0B725F939996B74A27 /* SkillsRailView.swift */,
				39DCB7941AD46363E454E0DA /* SlotListView.swift */,
				A55A63DAAA5085318A112FC9 /* SlotRow.swift */,
				B1C2D3E4F5A60001 /* TagEditorSheet.swift */,
			);
			path = SlotList;
			sourceTree = "<group>";
		};
450E1AB32F62032386FF326B /* PiDashShare */ = {
	isa = PBXGroup;
	children = (
		CCD3567E28F12B5C0134EAAD /* Info.plist */,
		9C48420B71B5027D153CC4ED /* PiDashShare.entitlements */,
		268ED32C4E849718AF8D4303 /* ShareView.swift */,
		FDC9D0B24B2D0B801EF003AF /* ShareViewController.swift */,
		A16C8185F7D80C638FD35A53 /* ShareViewModel.swift */,
	);
	path = PiDashShare;
	sourceTree = "<group>";
};
/* End PBXGroup section */

/* Begin PBXContainerItemProxy section */
		D93CAF5E6A2977B071E1919D /* PBXContainerItemProxy */ = {
			isa = PBXContainerItemProxy;
			containerPortal = 8F3C83F3BACDF2B76FCEDC61 /* Project object */;
			proxyType = 1;
			remoteGlobalIDString = 833EA51C97DA6AEE0BA36B67;
			remoteInfo = PiDashShare;
		};
/* End PBXContainerItemProxy section */

/* Begin PBXCopyFilesBuildPhase section */
		8F3D34BE546F50D8B73E6E0B /* Embed App Extensions */ = {
			isa = PBXCopyFilesBuildPhase;
			buildActionMask = 2147483647;
			dstPath = "";
			dstSubfolderSpec = 13;
			files = (
				C050F7E97122191AA8F77EB2 /* PiDashShare.appex in Embed App Extensions */,
			);
			name = "Embed App Extensions";
			runOnlyForDeploymentPostprocessing = 0;
		};
/* End PBXCopyFilesBuildPhase section */

/* Begin PBXTargetDependency section */
		D5251905BDDE7EC9B5F813A0 /* PBXTargetDependency */ = {
			isa = PBXTargetDependency;
			target = 833EA51C97DA6AEE0BA36B67 /* PiDashShare */;
			targetProxy = D93CAF5E6A2977B071E1919D /* PBXContainerItemProxy */;
		};
/* End PBXTargetDependency section */

/* Begin PBXNativeTarget section */
		777CC3B5B79BBAA6C06F1A7A /* PiDash */ = {
			isa = PBXNativeTarget;
			buildConfigurationList = 2D636B26E99C23D723AA8C8A /* Build configuration list for PBXNativeTarget "PiDash" */;
			buildPhases = (
				6D6F3F15225EAAC233D3AF45 /* Sources */,
				5D383E056272AB421E5DE30D /* Resources */,
				5D7C591675B45D41B1FB4A53 /* Frameworks */,
				8F3D34BE546F50D8B73E6E0B /* Embed App Extensions */,
			);
			buildRules = (
			);
			dependencies = (
				D5251905BDDE7EC9B5F813A0 /* PBXTargetDependency */,
			);
			name = PiDash;
			packageProductDependencies = (
				0205208DE628A032B7FC03A5 /* MarkdownUI */,
				100E491F5272A14398DEED4C /* NetworkImage */,
				6245B73A834A08D1F18FD06B /* Highlightr */,
			);
			productName = PiDash;
			productReference = BBFF5D72F491675D639A0E31 /* PiDash.app */;
			productType = "com.apple.product-type.application";
		};
833EA51C97DA6AEE0BA36B67 /* PiDashShare */ = {
	isa = PBXNativeTarget;
	buildConfigurationList = 7DF550180B97CCB2EA8EB7FA /* Build configuration list for PBXNativeTarget "PiDashShare" */;
	buildPhases = (
		9B2FFAB9F60AFE5959EE9CAA /* Sources */,
		52D18679F384125D35C3F534 /* Resources */,
		A168520FC13293289778C452 /* Frameworks */,
	);
	buildRules = (
	);
	dependencies = (
	);
	name = PiDashShare;
	productName = PiDashShare;
	productReference = 600760179E2976E8A5E4618A /* PiDashShare.appex */;
	productType = "com.apple.product-type.app-extension";
};
/* End PBXNativeTarget section */

/* Begin PBXProject section */
		8F3C83F3BACDF2B76FCEDC61 /* Project object */ = {
			isa = PBXProject;
			attributes = {
				BuildIndependentTargetsInParallel = YES;
				LastUpgradeCheck = 1620;
				TargetAttributes = {
					833EA51C97DA6AEE0BA36B67 = {
						DevelopmentTeam = ZBL5RZ37FG;
						ProvisioningStyle = Automatic;
					};
					777CC3B5B79BBAA6C06F1A7A = {
						DevelopmentTeam = "";
						ProvisioningStyle = Automatic;
					};
				};
			};
			buildConfigurationList = DE23B0BE91D7BC2AEC01C4AC /* Build configuration list for PBXProject "PiDash" */;
			developmentRegion = en;
			hasScannedForEncodings = 0;
			knownRegions = (
				Base,
				en,
			);
			mainGroup = E3E2EF9DBC321DF234EC23C2;
			minimizedProjectReferenceProxies = 1;
			packageReferences = (
				2E2E525CA5035D480AD4FA23 /* XCRemoteSwiftPackageReference "Highlightr" */,
				7594026BC8BC335FE9017139 /* XCRemoteSwiftPackageReference "swift-markdown-ui" */,
				71CB223560EA4ACD80E5BACD /* XCRemoteSwiftPackageReference "NetworkImage" */,
			);
			preferredProjectObjectVersion = 77;
			productRefGroup = 8050E845E70EDEAD920DD7C3 /* Products */;
			projectDirPath = "";
			projectRoot = "";
			targets = (
				777CC3B5B79BBAA6C06F1A7A /* PiDash */,
				833EA51C97DA6AEE0BA36B67 /* PiDashShare */,
			);
		};
/* End PBXProject section */

/* Begin PBXResourcesBuildPhase section */
		5D383E056272AB421E5DE30D /* Resources */ = {
			isa = PBXResourcesBuildPhase;
			buildActionMask = 2147483647;
			files = (
				E35A5E968F9C09FFED05BDC6 /* Assets.xcassets in Resources */,
			);
			runOnlyForDeploymentPostprocessing = 0;
		};
52D18679F384125D35C3F534 /* Resources */ = {
	isa = PBXResourcesBuildPhase;
	buildActionMask = 2147483647;
	files = (
	);
	runOnlyForDeploymentPostprocessing = 0;
};
/* End PBXResourcesBuildPhase section */

/* Begin PBXSourcesBuildPhase section */
		6D6F3F15225EAAC233D3AF45 /* Sources */ = {
			isa = PBXSourcesBuildPhase;
			buildActionMask = 2147483647;
			files = (
				406290EEA5DD8454C4308998 /* APIClient.swift in Sources */,
				DA50A60429D0606D519F4751 /* APIModels.swift in Sources */,
				C6F915FF86AE9E9E91442954 /* AppState.swift in Sources */,
				878EB4797E74FBB81BAFE1ED /* AppTheme.swift in Sources */,
				EA4B3C5C02D14B25B795B0DF /* AskPiIntent.swift in Sources */,
				1238378409A980AA1988538F /* AssistantMessageContent.swift in Sources */,
				417BD07A39C6DAB57AB3CA84 /* BackgroundRefreshService.swift in Sources */,
				24E8F6F70F26BC3FBE4A8BDF /* CalendarService.swift in Sources */,
				977AFC59317D367DEBA3C618 /* ChatEmptyStateView.swift in Sources */,
				3A35FD7E7F0A99B1AA2C7B67 /* ChatInputBar.swift in Sources */,
				C756272D812BC761C179B47D /* ChatMessage.swift in Sources */,
				9E826C343BEDE35DB8DA9F78 /* ChatSlot.swift in Sources */,
				E19B2E1E1AFCBACB52B59417 /* ChatView.swift in Sources */,
				31B85B2F0C4A784FB94F430C /* ChatViewModel.swift in Sources */,
				2C41F770CE1E133AB8AD6A64 /* CheckPiStatusIntent.swift in Sources */,
				D62AD4D2B5DA12A9F9282A12 /* CommandPaletteSheet.swift in Sources */,
				8334FFC35DF87DCA245E0381 /* ConnectionBanner.swift in Sources */,
				CB06ACC75F082DED10461A0F /* ContactsService.swift in Sources */,
				FC6E3F0C6B2656CC2D64AF8E /* EmptyStateView.swift in Sources */,
				F690BABD60E87BA2D6B2D82F /* FileViewerSheet.swift in Sources */,
				50B4B2A3FD1DDAC9974865D0 /* GetActiveChatsIntent.swift in Sources */,
				4293E98BC576FAD343780971 /* HapticManager.swift in Sources */,
				11503C4F14838E3B211E4B4A /* HealthKitService.swift in Sources */,
				D74D00F31D2FD729A5CD6BC8 /* InlineImageView.swift in Sources */,
				8D18BEE0EF69AAF695284EF9 /* IntentNetworking.swift in Sources */,
				01D817C461007EBCF52C5787 /* LineDiffView.swift in Sources */,
				2573911977348401137DDA96 /* LocalNotificationService.swift in Sources */,
				42988D7BC2211B3BC2486CAF /* LocationService.swift in Sources */,
				BA98B3CEBA5C03C0AC353ADB /* MarkdownTheme.swift in Sources */,
				81A79FD9C8ABC818863B101B /* MessageBubble.swift in Sources */,
				3568E9A59A2673F94DA7A9F2 /* PiDashApp.swift in Sources */,
				F18845C9A0BC1F7E8B4D3F6D /* PiDashShortcuts.swift in Sources */,
				FAB50CB7FFBE6724BAAE8EC2 /* ProjectPickerSheet.swift in Sources */,
				C00B5ADC864C1FF36297C862 /* RelativeTimeFormatter.swift in Sources */,
				4A8B6035102CCFCB3305C1A9 /* RemindersService.swift in Sources */,
				DAAB7240BE42A656B4E5CE3F /* RootView.swift in Sources */,
				24806DB610F98A80FC3BE0E9 /* SearchResultsView.swift in Sources */,
				01B9A33466EA64DFE5877B91 /* SearchViewModel.swift in Sources */,
				EF746E0917E1EEC44B891544 /* SendToPiIntent.swift in Sources */,
				7BEFA575A194918088A5F404 /* ServerConfig.swift in Sources */,
				D8C70ECB5E47484F6BB4F9B1 /* SessionHistoryView.swift in Sources */,
				795A2660FE11416F8780CB1E /* SettingsView.swift in Sources */,
				B57D3F87E7A2499E2402965E /* SkillsRailView.swift in Sources */,
				907A65175822658595EA7FC5 /* SlashCommand.swift in Sources */,
				B71D874409F013BB5124C2D1 /* SlotListView.swift in Sources */,
				A6771BD726D74F0ECE28A32D /* SlotListViewModel.swift in Sources */,
				F6E2764CD141CE720434A92B /* SlotRow.swift in Sources */,
				B1C2D3E4F5A60002 /* TagEditorSheet.swift in Sources */,
				78F84E31957C3BF31BB704F1 /* SpeechService.swift in Sources */,
				F40A42BF25A2BC41A60D27E1 /* ThinkingView.swift in Sources */,
				1DD68D70FC55ACBD275451C2 /* ToolCallView.swift in Sources */,
				A1B2C3D4E5F60002 /* SystemMessageView.swift in Sources */,
				63904453439371641F247790 /* WebSocketManager.swift in Sources */,
			);
			runOnlyForDeploymentPostprocessing = 0;
		};
9B2FFAB9F60AFE5959EE9CAA /* Sources */ = {
	isa = PBXSourcesBuildPhase;
	buildActionMask = 2147483647;
	files = (
		8E5319679DEEC2A816F70F4A /* ShareView.swift in Sources */,
		2441AE0E56B1A063674CB584 /* ShareViewController.swift in Sources */,
		B691A305FC38F6DF01BEA7CA /* ShareViewModel.swift in Sources */,
	);
	runOnlyForDeploymentPostprocessing = 0;
};
/* End PBXSourcesBuildPhase section */

/* Begin XCBuildConfiguration section */
		34F62811FD185594390F4777 /* Debug */ = {
			isa = XCBuildConfiguration;
			buildSettings = {
				ALWAYS_SEARCH_USER_PATHS = NO;
				CLANG_ANALYZER_NONNULL = YES;
				CLANG_ANALYZER_NUMBER_OBJECT_CONVERSION = YES_AGGRESSIVE;
				CLANG_CXX_LANGUAGE_STANDARD = "gnu++14";
				CLANG_CXX_LIBRARY = "libc++";
				CLANG_ENABLE_MODULES = YES;
				CLANG_ENABLE_OBJC_ARC = YES;
				CLANG_ENABLE_OBJC_WEAK = YES;
				CLANG_WARN_BLOCK_CAPTURE_AUTORELEASING = YES;
				CLANG_WARN_BOOL_CONVERSION = YES;
				CLANG_WARN_COMMA = YES;
				CLANG_WARN_CONSTANT_CONVERSION = YES;
				CLANG_WARN_DEPRECATED_OBJC_IMPLEMENTATIONS = YES;
				CLANG_WARN_DIRECT_OBJC_ISA_USAGE = YES_ERROR;
				CLANG_WARN_DOCUMENTATION_COMMENTS = YES;
				CLANG_WARN_EMPTY_BODY = YES;
				CLANG_WARN_ENUM_CONVERSION = YES;
				CLANG_WARN_INFINITE_RECURSION = YES;
				CLANG_WARN_INT_CONVERSION = YES;
				CLANG_WARN_NON_LITERAL_NULL_CONVERSION = YES;
				CLANG_WARN_OBJC_IMPLICIT_RETAIN_SELF = YES;
				CLANG_WARN_OBJC_LITERAL_CONVERSION = YES;
				CLANG_WARN_OBJC_ROOT_CLASS = YES_ERROR;
				CLANG_WARN_QUOTED_INCLUDE_IN_FRAMEWORK_HEADER = YES;
				CLANG_WARN_RANGE_LOOP_ANALYSIS = YES;
				CLANG_WARN_STRICT_PROTOTYPES = YES;
				CLANG_WARN_SUSPICIOUS_MOVE = YES;
				CLANG_WARN_UNGUARDED_AVAILABILITY = YES_AGGRESSIVE;
				CLANG_WARN_UNREACHABLE_CODE = YES;
				CLANG_WARN__DUPLICATE_METHOD_MATCH = YES;
				CODE_SIGN_STYLE = Automatic;
				COPY_PHASE_STRIP = NO;
				CURRENT_PROJECT_VERSION = 1;
				DEBUG_INFORMATION_FORMAT = "dwarf-with-dsym";
				DEVELOPMENT_TEAM = ZBL5RZ37FG;
				ENABLE_HARDENED_RUNTIME = YES;
				ENABLE_STRICT_OBJC_MSGSEND = YES;
				ENABLE_TESTABILITY = YES;
				GCC_C_LANGUAGE_STANDARD = gnu11;
				GCC_DYNAMIC_NO_PIC = NO;
				GCC_NO_COMMON_BLOCKS = YES;
				GCC_OPTIMIZATION_LEVEL = 0;
				GCC_PREPROCESSOR_DEFINITIONS = (
					"$(inherited)",
					"DEBUG=1",
				);
				GCC_WARN_64_TO_32_BIT_CONVERSION = YES;
				GCC_WARN_ABOUT_RETURN_TYPE = YES_ERROR;
				GCC_WARN_UNDECLARED_SELECTOR = YES;
				GCC_WARN_UNINITIALIZED_AUTOS = YES_AGGRESSIVE;
				GCC_WARN_UNUSED_FUNCTION = YES;
				GCC_WARN_UNUSED_VARIABLE = YES;
				IPHONEOS_DEPLOYMENT_TARGET = 17.0;
				MARKETING_VERSION = 1.0;
				MTL_ENABLE_DEBUG_INFO = INCLUDE_SOURCE;
				MTL_FAST_MATH = YES;
				ONLY_ACTIVE_ARCH = YES;
				PRODUCT_BUNDLE_IDENTIFIER = com.sam.pidash;
				PRODUCT_NAME = "$(TARGET_NAME)";
				SDKROOT = iphoneos;
				SUPPORTS_MACCATALYST = YES;
				SWIFT_ACTIVE_COMPILATION_CONDITIONS = DEBUG;
				SWIFT_OPTIMIZATION_LEVEL = "-Onone";
				SWIFT_VERSION = 5.9;
				TARGETED_DEVICE_FAMILY = "1,2";
			};
			name = Debug;
		};
		401DC73DB6800D2286774FF5 /* Release */ = {
			isa = XCBuildConfiguration;
			buildSettings = {
				ASSETCATALOG_COMPILER_APPICON_NAME = AppIcon;
				CODE_SIGN_IDENTITY = "iPhone Developer";
				CODE_SIGN_STYLE = Automatic;
				DEVELOPMENT_TEAM = ZBL5RZ37FG;
				INFOPLIST_FILE = PiDash/Info.plist;
				IPHONEOS_DEPLOYMENT_TARGET = 17.0;
				LD_RUNPATH_SEARCH_PATHS = (
					"$(inherited)",
					"@executable_path/Frameworks",
				);
				PRODUCT_BUNDLE_IDENTIFIER = com.sam.pidash;
				SDKROOT = iphoneos;
				TARGETED_DEVICE_FAMILY = "1,2";
			};
			name = Release;
		};
		9C4CA1313A001B38C4D84083 /* Debug */ = {
			isa = XCBuildConfiguration;
			buildSettings = {
				ASSETCATALOG_COMPILER_APPICON_NAME = AppIcon;
				CODE_SIGN_IDENTITY = "iPhone Developer";
				CODE_SIGN_STYLE = Automatic;
				DEVELOPMENT_TEAM = ZBL5RZ37FG;
				INFOPLIST_FILE = PiDash/Info.plist;
				IPHONEOS_DEPLOYMENT_TARGET = 17.0;
				LD_RUNPATH_SEARCH_PATHS = (
					"$(inherited)",
					"@executable_path/Frameworks",
				);
				PRODUCT_BUNDLE_IDENTIFIER = com.sam.pidash;
				SDKROOT = iphoneos;
				TARGETED_DEVICE_FAMILY = "1,2";
			};
			name = Debug;
		};
		E71E0C742650277F6880A896 /* Release */ = {
			isa = XCBuildConfiguration;
			buildSettings = {
				ALWAYS_SEARCH_USER_PATHS = NO;
				CLANG_ANALYZER_NONNULL = YES;
				CLANG_ANALYZER_NUMBER_OBJECT_CONVERSION = YES_AGGRESSIVE;
				CLANG_CXX_LANGUAGE_STANDARD = "gnu++14";
				CLANG_CXX_LIBRARY = "libc++";
				CLANG_ENABLE_MODULES = YES;
				CLANG_ENABLE_OBJC_ARC = YES;
				CLANG_ENABLE_OBJC_WEAK = YES;
				CLANG_WARN_BLOCK_CAPTURE_AUTORELEASING = YES;
				CLANG_WARN_BOOL_CONVERSION = YES;
				CLANG_WARN_COMMA = YES;
				CLANG_WARN_CONSTANT_CONVERSION = YES;
				CLANG_WARN_DEPRECATED_OBJC_IMPLEMENTATIONS = YES;
				CLANG_WARN_DIRECT_OBJC_ISA_USAGE = YES_ERROR;
				CLANG_WARN_DOCUMENTATION_COMMENTS = YES;
				CLANG_WARN_EMPTY_BODY = YES;
				CLANG_WARN_ENUM_CONVERSION = YES;
				CLANG_WARN_INFINITE_RECURSION = YES;
				CLANG_WARN_INT_CONVERSION = YES;
				CLANG_WARN_NON_LITERAL_NULL_CONVERSION = YES;
				CLANG_WARN_OBJC_IMPLICIT_RETAIN_SELF = YES;
				CLANG_WARN_OBJC_LITERAL_CONVERSION = YES;
				CLANG_WARN_OBJC_ROOT_CLASS = YES_ERROR;
				CLANG_WARN_QUOTED_INCLUDE_IN_FRAMEWORK_HEADER = YES;
				CLANG_WARN_RANGE_LOOP_ANALYSIS = YES;
				CLANG_WARN_STRICT_PROTOTYPES = YES;
				CLANG_WARN_SUSPICIOUS_MOVE = YES;
				CLANG_WARN_UNGUARDED_AVAILABILITY = YES_AGGRESSIVE;
				CLANG_WARN_UNREACHABLE_CODE = YES;
				CLANG_WARN__DUPLICATE_METHOD_MATCH = YES;
				CODE_SIGN_STYLE = Automatic;
				COPY_PHASE_STRIP = NO;
				CURRENT_PROJECT_VERSION = 1;
				DEBUG_INFORMATION_FORMAT = "dwarf-with-dsym";
				DEVELOPMENT_TEAM = ZBL5RZ37FG;
				ENABLE_HARDENED_RUNTIME = YES;
				ENABLE_NS_ASSERTIONS = NO;
				ENABLE_STRICT_OBJC_MSGSEND = YES;
				GCC_C_LANGUAGE_STANDARD = gnu11;
				GCC_NO_COMMON_BLOCKS = YES;
				GCC_WARN_64_TO_32_BIT_CONVERSION = YES;
				GCC_WARN_ABOUT_RETURN_TYPE = YES_ERROR;
				GCC_WARN_UNDECLARED_SELECTOR = YES;
				GCC_WARN_UNINITIALIZED_AUTOS = YES_AGGRESSIVE;
				GCC_WARN_UNUSED_FUNCTION = YES;
				GCC_WARN_UNUSED_VARIABLE = YES;
				IPHONEOS_DEPLOYMENT_TARGET = 17.0;
				MARKETING_VERSION = 1.0;
				MTL_ENABLE_DEBUG_INFO = NO;
				MTL_FAST_MATH = YES;
				PRODUCT_BUNDLE_IDENTIFIER = com.sam.pidash;
				PRODUCT_NAME = "$(TARGET_NAME)";
				SDKROOT = iphoneos;
				SUPPORTS_MACCATALYST = YES;
				SWIFT_COMPILATION_MODE = wholemodule;
				SWIFT_OPTIMIZATION_LEVEL = "-O";
				SWIFT_VERSION = 5.9;
				TARGETED_DEVICE_FAMILY = "1,2";
			};
			name = Release;
		};
3113BA71780E5D7C28826035 /* Debug */ = {
	isa = XCBuildConfiguration;
	buildSettings = {
		CODE_SIGN_IDENTITY = "iPhone Developer";
		CODE_SIGN_STYLE = Automatic;
		DEVELOPMENT_TEAM = ZBL5RZ37FG;
		INFOPLIST_FILE = PiDashShare/Info.plist;
		CODE_SIGN_ENTITLEMENTS = PiDashShare/PiDashShare.entitlements;
		IPHONEOS_DEPLOYMENT_TARGET = 17.0;
		LD_RUNPATH_SEARCH_PATHS = (
			"$(inherited)",
			"@executable_path/Frameworks",
			"@executable_path/../../Frameworks",
		);
		PRODUCT_BUNDLE_IDENTIFIER = com.sam.pidash.share;
		PRODUCT_NAME = "$(TARGET_NAME)";
		SDKROOT = iphoneos;
		SKIP_INSTALL = YES;
		SWIFT_VERSION = 5.9;
		TARGETED_DEVICE_FAMILY = "1,2";
	};
	name = Debug;
};
E40AFE6D14FE3A6E70110B63 /* Release */ = {
	isa = XCBuildConfiguration;
	buildSettings = {
		CODE_SIGN_IDENTITY = "iPhone Developer";
		CODE_SIGN_STYLE = Automatic;
		DEVELOPMENT_TEAM = ZBL5RZ37FG;
		INFOPLIST_FILE = PiDashShare/Info.plist;
		CODE_SIGN_ENTITLEMENTS = PiDashShare/PiDashShare.entitlements;
		IPHONEOS_DEPLOYMENT_TARGET = 17.0;
		LD_RUNPATH_SEARCH_PATHS = (
			"$(inherited)",
			"@executable_path/Frameworks",
			"@executable_path/../../Frameworks",
		);
		PRODUCT_BUNDLE_IDENTIFIER = com.sam.pidash.share;
		PRODUCT_NAME = "$(TARGET_NAME)";
		SDKROOT = iphoneos;
		SKIP_INSTALL = YES;
		SWIFT_VERSION = 5.9;
		TARGETED_DEVICE_FAMILY = "1,2";
	};
	name = Release;
};
/* End XCBuildConfiguration section */

/* Begin XCConfigurationList section */
		2D636B26E99C23D723AA8C8A /* Build configuration list for PBXNativeTarget "PiDash" */ = {
			isa = XCConfigurationList;
			buildConfigurations = (
				9C4CA1313A001B38C4D84083 /* Debug */,
				401DC73DB6800D2286774FF5 /* Release */,
			);
			defaultConfigurationIsVisible = 0;
			defaultConfigurationName = Debug;
		};
		DE23B0BE91D7BC2AEC01C4AC /* Build configuration list for PBXProject "PiDash" */ = {
			isa = XCConfigurationList;
			buildConfigurations = (
				34F62811FD185594390F4777 /* Debug */,
				E71E0C742650277F6880A896 /* Release */,
			);
			defaultConfigurationIsVisible = 0;
			defaultConfigurationName = Debug;
		};
7DF550180B97CCB2EA8EB7FA /* Build configuration list for PBXNativeTarget "PiDashShare" */ = {
	isa = XCConfigurationList;
	buildConfigurations = (
		3113BA71780E5D7C28826035 /* Debug */,
		E40AFE6D14FE3A6E70110B63 /* Release */,
	);
	defaultConfigurationIsVisible = 0;
	defaultConfigurationName = Debug;
};
/* End XCConfigurationList section */

/* Begin XCRemoteSwiftPackageReference section */
		2E2E525CA5035D480AD4FA23 /* XCRemoteSwiftPackageReference "Highlightr" */ = {
			isa = XCRemoteSwiftPackageReference;
			repositoryURL = "https://github.com/raspu/Highlightr";
			requirement = {
				kind = upToNextMajorVersion;
				minimumVersion = 2.2.0;
			};
		};
		71CB223560EA4ACD80E5BACD /* XCRemoteSwiftPackageReference "NetworkImage" */ = {
			isa = XCRemoteSwiftPackageReference;
			repositoryURL = "https://github.com/gonzalezreal/NetworkImage";
			requirement = {
				kind = upToNextMajorVersion;
				minimumVersion = 6.0.0;
			};
		};
		7594026BC8BC335FE9017139 /* XCRemoteSwiftPackageReference "swift-markdown-ui" */ = {
			isa = XCRemoteSwiftPackageReference;
			repositoryURL = "https://github.com/gonzalezreal/swift-markdown-ui";
			requirement = {
				kind = upToNextMajorVersion;
				minimumVersion = 2.4.0;
			};
		};
/* End XCRemoteSwiftPackageReference section */

/* Begin XCSwiftPackageProductDependency section */
		0205208DE628A032B7FC03A5 /* MarkdownUI */ = {
			isa = XCSwiftPackageProductDependency;
			package = 7594026BC8BC335FE9017139 /* XCRemoteSwiftPackageReference "swift-markdown-ui" */;
			productName = MarkdownUI;
		};
		100E491F5272A14398DEED4C /* NetworkImage */ = {
			isa = XCSwiftPackageProductDependency;
			package = 71CB223560EA4ACD80E5BACD /* XCRemoteSwiftPackageReference "NetworkImage" */;
			productName = NetworkImage;
		};
		6245B73A834A08D1F18FD06B /* Highlightr */ = {
			isa = XCSwiftPackageProductDependency;
			package = 2E2E525CA5035D480AD4FA23 /* XCRemoteSwiftPackageReference "Highlightr" */;
			productName = Highlightr;
		};
/* End XCSwiftPackageProductDependency section */
	};
	rootObject = 8F3C83F3BACDF2B76FCEDC61 /* Project object */;
}
