// !$*UTF8*$!
{
	archiveVersion = 1;
	classes = {
	};
	objectVersion = 77;
	objects = {

/* Begin PBXBuildFile section */
		0717FFBD7924845AD7FA79BA /* ShareViewModel.swift in Sources */ = {isa = PBXBuildFile; fileRef = D827BBABA7E1DC762D34F5A3 /* ShareViewModel.swift */; };
		2573911977348401137DDA96 /* LocalNotificationService.swift in Sources */ = {isa = PBXBuildFile; fileRef = 4AAA3212B4C4B2DC1AD5C559 /* LocalNotificationService.swift */; };
		29F77AA871775CD0B832929F /* LogView.swift in Sources */ = {isa = PBXBuildFile; fileRef = 23F1A20B88B512C67FC21F28 /* LogView.swift */; };
		2A3742F5813615FECE00AF38 /* MarkdownUI in Frameworks */ = {isa = PBXBuildFile; productRef = 0205208DE628A032B7FC03A5 /* MarkdownUI */; };
		2C41F770CE1E133AB8AD6A64 /* CheckPiStatusIntent.swift in Sources */ = {isa = PBXBuildFile; fileRef = 48CCCC9CC08E1D08A1A7B8E2 /* CheckPiStatusIntent.swift */; };
		3568E9A59A2673F94DA7A9F2 /* PiDashApp.swift in Sources */ = {isa = PBXBuildFile; fileRef = A17E75D21EAB3EC9B1BC0BC4 /* PiDashApp.swift */; };
		417BD07A39C6DAB57AB3CA84 /* BackgroundRefreshService.swift in Sources */ = {isa = PBXBuildFile; fileRef = 28946A6701DF563BB721914B /* BackgroundRefreshService.swift */; };
		50B4B2A3FD1DDAC9974865D0 /* GetActiveChatsIntent.swift in Sources */ = {isa = PBXBuildFile; fileRef = 53726014E532D9828D3B63CC /* GetActiveChatsIntent.swift */; };
		7BEFA575A194918088A5F404 /* ServerConfig.swift in Sources */ = {isa = PBXBuildFile; fileRef = DBA38927A210B8A6BFB78498 /* ServerConfig.swift */; };
		87A3EE96219338AAF7ED07A1 /* Highlightr in Frameworks */ = {isa = PBXBuildFile; productRef = 6245B73A834A08D1F18FD06B /* Highlightr */; };
		8D18BEE0EF69AAF695284EF9 /* IntentNetworking.swift in Sources */ = {isa = PBXBuildFile; fileRef = 183B70777D23D1466B829FCA /* IntentNetworking.swift */; };
		A20780292B0101CE23056AD7 /* ShareView.swift in Sources */ = {isa = PBXBuildFile; fileRef = B36F54208DF5542B980A0027 /* ShareView.swift */; };
		BAD7200B8A869436F16410BF /* SettingsView.swift in Sources */ = {isa = PBXBuildFile; fileRef = 66627E3C7C22D677BB41B8CE /* SettingsView.swift */; };
		C00B5ADC864C1FF36297C862 /* RelativeTimeFormatter.swift in Sources */ = {isa = PBXBuildFile; fileRef = CB87FB21C374364D3A414939 /* RelativeTimeFormatter.swift */; };
		C3E702B869BB720E486311CD /* NetworkImage in Frameworks */ = {isa = PBXBuildFile; productRef = 100E491F5272A14398DEED4C /* NetworkImage */; };
		C66A91B422F87AA5014B204B /* PiDashShare.appex in Embed Foundation Extensions */ = {isa = PBXBuildFile; fileRef = 788371A341E55F25E52232EA /* PiDashShare.appex */; settings = {ATTRIBUTES = (RemoveHeadersOnCopy, ); }; };
		C6F915FF86AE9E9E91442954 /* AppState.swift in Sources */ = {isa = PBXBuildFile; fileRef = BD49B269C69BABE939F77B86 /* AppState.swift */; };
		D4849796318BF3693FD2C10A /* ShareViewController.swift in Sources */ = {isa = PBXBuildFile; fileRef = A770AF5030C47C7C8DD285E8 /* ShareViewController.swift */; };
		D6ED3BC4AFBF0D97EDD1233C /* AppLogger.swift in Sources */ = {isa = PBXBuildFile; fileRef = 44250F21644795288271ACD4 /* AppLogger.swift */; };
		DA50A60429D0606D519F4751 /* APIModels.swift in Sources */ = {isa = PBXBuildFile; fileRef = 7329591BD291B8D5E93094E6 /* APIModels.swift */; };
		DAAB7240BE42A656B4E5CE3F /* RootView.swift in Sources */ = {isa = PBXBuildFile; fileRef = 3D017AEDBCFD52CCD5A499FF /* RootView.swift */; };
		E35A5E968F9C09FFED05BDC6 /* Assets.xcassets in Resources */ = {isa = PBXBuildFile; fileRef = 0EBD7361EF456B5F0436A74A /* Assets.xcassets */; };
		E905F289C9955FF64CC5EF8A /* WebView.swift in Sources */ = {isa = PBXBuildFile; fileRef = 3CD746CBF9AD4FB55FCF87AA /* WebView.swift */; };
		EA4B3C5C02D14B25B795B0DF /* AskPiIntent.swift in Sources */ = {isa = PBXBuildFile; fileRef = 2C952B932891A69081772B14 /* AskPiIntent.swift */; };
		EF746E0917E1EEC44B891544 /* SendToPiIntent.swift in Sources */ = {isa = PBXBuildFile; fileRef = E9163021794CFFBDC993AB76 /* SendToPiIntent.swift */; };
		F18845C9A0BC1F7E8B4D3F6D /* PiDashShortcuts.swift in Sources */ = {isa = PBXBuildFile; fileRef = 5A9E46D8D71AA73AA46BF218 /* PiDashShortcuts.swift */; };

		218637F19B14CE2FF59E6D2F /* PiDashLiveActivityAttributes.swift in Sources (PiDash) */ = {isa = PBXBuildFile; fileRef = CC6A63520D1863068A69176D /* PiDashLiveActivityAttributes.swift */; };
		30949E0B5359AA5F40326E8C   /* LiveActivityManager.swift in Sources */ = {isa = PBXBuildFile; fileRef = C37531DA9C29779C367D43E8 /* LiveActivityManager.swift */; };
		C0796F8E152F64EF166C6045    /* VoiceManager.swift in Sources */ = {isa = PBXBuildFile; fileRef = 656B0509CD69D569CA68D85F /* VoiceManager.swift */; };
		EFFB39121399937D9DF435B8  /* PiDashLiveActivityAttributes.swift in Sources (Widget) */ = {isa = PBXBuildFile; fileRef = CC6A63520D1863068A69176D /* PiDashLiveActivityAttributes.swift */; };
		E0835F76B684511AE97C9BAE      /* PiDashWidget.swift in Sources */ = {isa = PBXBuildFile; fileRef = E613B74E099BB9B7A2872BA4 /* PiDashWidget.swift */; };
		5C75F3EFB29DFE30DB35877D    /* PiDashWidgetBundle.swift in Sources */ = {isa = PBXBuildFile; fileRef = 01A501E253294CCDC6A10AD4 /* PiDashWidgetBundle.swift */; };
		8026CE234F4FE4070D290547       /* WidgetNetworking.swift in Sources */ = {isa = PBXBuildFile; fileRef = 82288EBE53D26598CDBFB7E3 /* WidgetNetworking.swift */; };
		F87992A265CC327D18A7E459        /* PiDashLiveActivity.swift in Sources */ = {isa = PBXBuildFile; fileRef = 73780903762272FBC68EB53E /* PiDashLiveActivity.swift */; };
		3538CCF7F24F21C88BF2C20E     /* PiDashWidget.appex in Embed Widget Extensions */ = {isa = PBXBuildFile; fileRef = 181167B8148E43C38D7C8B53 /* PiDashWidget.appex */; settings = {ATTRIBUTES = (RemoveHeadersOnCopy, ); }; };
/* End PBXBuildFile section */

/* Begin PBXContainerItemProxy section */
		8F5344F9C6599F14D0788D87 /* PBXContainerItemProxy */ = {
			isa = PBXContainerItemProxy;
			containerPortal = 8F3C83F3BACDF2B76FCEDC61 /* Project object */;
			proxyType = 1;
			remoteGlobalIDString = 9DDB30A3D50949B2F5E6B39C;
			remoteInfo = PiDashShare;
		};

		9E567C9FEDBEBBBF187B08CE /* PBXContainerItemProxy */ = {
			isa = PBXContainerItemProxy;
			containerPortal = 8F3C83F3BACDF2B76FCEDC61 /* Project object */;
			proxyType = 1;
			remoteGlobalIDString = 0E1ED9BB540E0F943F833D6B;
			remoteInfo = PiDashWidget;
		};
/* End PBXContainerItemProxy section */

/* Begin PBXCopyFilesBuildPhase section */
		0CDCD6DC30BB4EBC7C3A931D /* Embed Foundation Extensions */ = {
			isa = PBXCopyFilesBuildPhase;
			buildActionMask = 2147483647;
			dstPath = "";
			dstSubfolderSpec = 13;
			files = (
				C66A91B422F87AA5014B204B /* PiDashShare.appex in Embed Foundation Extensions */,
			);
			name = "Embed Foundation Extensions";
			runOnlyForDeploymentPostprocessing = 0;
		};

		09B165CBBAB8155D51ABBBF9 /* Embed Widget Extensions */ = {
			isa = PBXCopyFilesBuildPhase;
			buildActionMask = 2147483647;
			dstPath = "";
			dstSubfolderSpec = 13;
			files = (
				3538CCF7F24F21C88BF2C20E /* PiDashWidget.appex in Embed Widget Extensions */,
			);
			name = "Embed Widget Extensions";
			runOnlyForDeploymentPostprocessing = 0;
		};
/* End PBXCopyFilesBuildPhase section */

/* Begin PBXFileReference section */
		0EBD7361EF456B5F0436A74A /* Assets.xcassets */ = {isa = PBXFileReference; lastKnownFileType = folder.assetcatalog; path = Assets.xcassets; sourceTree = "<group>"; };
		183B70777D23D1466B829FCA /* IntentNetworking.swift */ = {isa = PBXFileReference; lastKnownFileType = sourcecode.swift; path = IntentNetworking.swift; sourceTree = "<group>"; };
		22694B85988C36300067EA53 /* Info.plist */ = {isa = PBXFileReference; lastKnownFileType = text.plist; path = Info.plist; sourceTree = "<group>"; };
		23F1A20B88B512C67FC21F28 /* LogView.swift */ = {isa = PBXFileReference; lastKnownFileType = sourcecode.swift; path = LogView.swift; sourceTree = "<group>"; };
		28946A6701DF563BB721914B /* BackgroundRefreshService.swift */ = {isa = PBXFileReference; lastKnownFileType = sourcecode.swift; path = BackgroundRefreshService.swift; sourceTree = "<group>"; };
		2C952B932891A69081772B14 /* AskPiIntent.swift */ = {isa = PBXFileReference; lastKnownFileType = sourcecode.swift; path = AskPiIntent.swift; sourceTree = "<group>"; };
		3CD746CBF9AD4FB55FCF87AA /* WebView.swift */ = {isa = PBXFileReference; lastKnownFileType = sourcecode.swift; path = WebView.swift; sourceTree = "<group>"; };
		3D017AEDBCFD52CCD5A499FF /* RootView.swift */ = {isa = PBXFileReference; lastKnownFileType = sourcecode.swift; path = RootView.swift; sourceTree = "<group>"; };
		44250F21644795288271ACD4 /* AppLogger.swift */ = {isa = PBXFileReference; lastKnownFileType = sourcecode.swift; path = AppLogger.swift; sourceTree = "<group>"; };
		48CCCC9CC08E1D08A1A7B8E2 /* CheckPiStatusIntent.swift */ = {isa = PBXFileReference; lastKnownFileType = sourcecode.swift; path = CheckPiStatusIntent.swift; sourceTree = "<group>"; };
		4AAA3212B4C4B2DC1AD5C559 /* LocalNotificationService.swift */ = {isa = PBXFileReference; lastKnownFileType = sourcecode.swift; path = LocalNotificationService.swift; sourceTree = "<group>"; };
		4D090AAEAF050783BFDDB6B4 /* PiDashShare.entitlements */ = {isa = PBXFileReference; lastKnownFileType = text.plist.entitlements; path = PiDashShare.entitlements; sourceTree = "<group>"; };
		53726014E532D9828D3B63CC /* GetActiveChatsIntent.swift */ = {isa = PBXFileReference; lastKnownFileType = sourcecode.swift; path = GetActiveChatsIntent.swift; sourceTree = "<group>"; };
		5A9E46D8D71AA73AA46BF218 /* PiDashShortcuts.swift */ = {isa = PBXFileReference; lastKnownFileType = sourcecode.swift; path = PiDashShortcuts.swift; sourceTree = "<group>"; };
		5D40F0F033945A889739E74A /* Info.plist */ = {isa = PBXFileReference; lastKnownFileType = text.plist; path = Info.plist; sourceTree = "<group>"; };
		66627E3C7C22D677BB41B8CE /* SettingsView.swift */ = {isa = PBXFileReference; lastKnownFileType = sourcecode.swift; path = SettingsView.swift; sourceTree = "<group>"; };
		7329591BD291B8D5E93094E6 /* APIModels.swift */ = {isa = PBXFileReference; lastKnownFileType = sourcecode.swift; path = APIModels.swift; sourceTree = "<group>"; };
		788371A341E55F25E52232EA /* PiDashShare.appex */ = {isa = PBXFileReference; includeInIndex = 0; lastKnownFileType = "wrapper.app-extension"; path = PiDashShare.appex; sourceTree = BUILT_PRODUCTS_DIR; };
		81FF74731BB0FCBF5DD979F6 /* PiDash.entitlements */ = {isa = PBXFileReference; lastKnownFileType = text.plist.entitlements; path = PiDash.entitlements; sourceTree = "<group>"; };
		A17E75D21EAB3EC9B1BC0BC4 /* PiDashApp.swift */ = {isa = PBXFileReference; lastKnownFileType = sourcecode.swift; path = PiDashApp.swift; sourceTree = "<group>"; };
		A770AF5030C47C7C8DD285E8 /* ShareViewController.swift */ = {isa = PBXFileReference; lastKnownFileType = sourcecode.swift; path = ShareViewController.swift; sourceTree = "<group>"; };
		B36F54208DF5542B980A0027 /* ShareView.swift */ = {isa = PBXFileReference; lastKnownFileType = sourcecode.swift; path = ShareView.swift; sourceTree = "<group>"; };
		BBFF5D72F491675D639A0E31 /* PiDash.app */ = {isa = PBXFileReference; includeInIndex = 0; lastKnownFileType = wrapper.application; path = PiDash.app; sourceTree = BUILT_PRODUCTS_DIR; };
		BD49B269C69BABE939F77B86 /* AppState.swift */ = {isa = PBXFileReference; lastKnownFileType = sourcecode.swift; path = AppState.swift; sourceTree = "<group>"; };
		CB87FB21C374364D3A414939 /* RelativeTimeFormatter.swift */ = {isa = PBXFileReference; lastKnownFileType = sourcecode.swift; path = RelativeTimeFormatter.swift; sourceTree = "<group>"; };
		D827BBABA7E1DC762D34F5A3 /* ShareViewModel.swift */ = {isa = PBXFileReference; lastKnownFileType = sourcecode.swift; path = ShareViewModel.swift; sourceTree = "<group>"; };
		DBA38927A210B8A6BFB78498 /* ServerConfig.swift */ = {isa = PBXFileReference; lastKnownFileType = sourcecode.swift; path = ServerConfig.swift; sourceTree = "<group>"; };
		E9163021794CFFBDC993AB76 /* SendToPiIntent.swift */ = {isa = PBXFileReference; lastKnownFileType = sourcecode.swift; path = SendToPiIntent.swift; sourceTree = "<group>"; };

		CC6A63520D1863068A69176D   /* PiDashLiveActivityAttributes.swift */ = {isa = PBXFileReference; lastKnownFileType = sourcecode.swift; path = PiDashLiveActivityAttributes.swift; sourceTree = "<group>"; };
		C37531DA9C29779C367D43E8     /* LiveActivityManager.swift */ = {isa = PBXFileReference; lastKnownFileType = sourcecode.swift; path = LiveActivityManager.swift; sourceTree = "<group>"; };
		656B0509CD69D569CA68D85F  /* VoiceManager.swift */ = {isa = PBXFileReference; lastKnownFileType = sourcecode.swift; path = VoiceManager.swift; sourceTree = "<group>"; };
		E613B74E099BB9B7A2872BA4   /* PiDashWidget.swift */ = {isa = PBXFileReference; lastKnownFileType = sourcecode.swift; path = PiDashWidget.swift; sourceTree = "<group>"; };
		01A501E253294CCDC6A10AD4 /* PiDashWidgetBundle.swift */ = {isa = PBXFileReference; lastKnownFileType = sourcecode.swift; path = PiDashWidgetBundle.swift; sourceTree = "<group>"; };
		82288EBE53D26598CDBFB7E3    /* WidgetNetworking.swift */ = {isa = PBXFileReference; lastKnownFileType = sourcecode.swift; path = WidgetNetworking.swift; sourceTree = "<group>"; };
		73780903762272FBC68EB53E     /* PiDashLiveActivity.swift */ = {isa = PBXFileReference; lastKnownFileType = sourcecode.swift; path = PiDashLiveActivity.swift; sourceTree = "<group>"; };
		EEC8774AC519FC628980EA1F   /* PiDashWidget/Info.plist */ = {isa = PBXFileReference; lastKnownFileType = text.plist; path = Info.plist; sourceTree = "<group>"; };
		9C732CD9C00B0902055B31D6    /* PiDashWidget.entitlements */ = {isa = PBXFileReference; lastKnownFileType = text.plist.entitlements; path = PiDashWidget.entitlements; sourceTree = "<group>"; };
		181167B8148E43C38D7C8B53  /* PiDashWidget.appex */ = {isa = PBXFileReference; includeInIndex = 0; lastKnownFileType = "wrapper.app-extension"; path = PiDashWidget.appex; sourceTree = BUILT_PRODUCTS_DIR; };
/* End PBXFileReference section */

/* Begin PBXFrameworksBuildPhase section */
		5D7C591675B45D41B1FB4A53 /* Frameworks */ = {
			isa = PBXFrameworksBuildPhase;
			buildActionMask = 2147483647;
			files = (
				2A3742F5813615FECE00AF38 /* MarkdownUI in Frameworks */,
				C3E702B869BB720E486311CD /* NetworkImage in Frameworks */,
				87A3EE96219338AAF7ED07A1 /* Highlightr in Frameworks */,
			);
			runOnlyForDeploymentPostprocessing = 0;
		};
/* End PBXFrameworksBuildPhase section */

/* Begin PBXGroup section */
		05889173E299BAFD980030AF /* Intents */ = {
			isa = PBXGroup;
			children = (
				2C952B932891A69081772B14 /* AskPiIntent.swift */,
				48CCCC9CC08E1D08A1A7B8E2 /* CheckPiStatusIntent.swift */,
				53726014E532D9828D3B63CC /* GetActiveChatsIntent.swift */,
				183B70777D23D1466B829FCA /* IntentNetworking.swift */,
				5A9E46D8D71AA73AA46BF218 /* PiDashShortcuts.swift */,
				E9163021794CFFBDC993AB76 /* SendToPiIntent.swift */,
			);
			path = Intents;
			sourceTree = "<group>";
		};
		0FBD0B08711010CA9B546724 /* PiDash */ = {
			isa = PBXGroup;
			children = (
				0EBD7361EF456B5F0436A74A /* Assets.xcassets */,
				239CE2C7C6D9A8A563977AA1 /* LiveActivity */,
				5B6F15A68F463F0D752925F6 /* Voice */,
				22694B85988C36300067EA53 /* Info.plist */,
				81FF74731BB0FCBF5DD979F6 /* PiDash.entitlements */,
				A17E75D21EAB3EC9B1BC0BC4 /* PiDashApp.swift */,
				3D017AEDBCFD52CCD5A499FF /* RootView.swift */,
				641AC128F0232113C58E2427 /* Debug */,
				05889173E299BAFD980030AF /* Intents */,
				362CDBE2489801C680958006 /* Models */,
				5FAC22AC1835E9B04C4250FC /* Networking */,
				25E5C00413035A07F3532567 /* Utilities */,
				B39D49DFEBC40793A4CB4F84 /* ViewModels */,
				C472670A2535C475EDB9E9D1 /* Views */,
			);
			path = PiDash;
			sourceTree = "<group>";
		};
		1F92B2AE1A9EB6F145FEC65A /* Common */ = {
			isa = PBXGroup;
			children = (
			);
			path = Common;
			sourceTree = "<group>";
		};
		25E5C00413035A07F3532567 /* Utilities */ = {
			isa = PBXGroup;
			children = (
				28946A6701DF563BB721914B /* BackgroundRefreshService.swift */,
				4AAA3212B4C4B2DC1AD5C559 /* LocalNotificationService.swift */,
				CB87FB21C374364D3A414939 /* RelativeTimeFormatter.swift */,
			);
			path = Utilities;
			sourceTree = "<group>";
		};
		362CDBE2489801C680958006 /* Models */ = {
			isa = PBXGroup;
			children = (
				7329591BD291B8D5E93094E6 /* APIModels.swift */,
			);
			path = Models;
			sourceTree = "<group>";
		};
		4BC8928640FB63E08755018D /* PiDashShare */ = {
			isa = PBXGroup;
			children = (
				5D40F0F033945A889739E74A /* Info.plist */,
				4D090AAEAF050783BFDDB6B4 /* PiDashShare.entitlements */,
				B36F54208DF5542B980A0027 /* ShareView.swift */,
				A770AF5030C47C7C8DD285E8 /* ShareViewController.swift */,
				D827BBABA7E1DC762D34F5A3 /* ShareViewModel.swift */,
			);
			path = PiDashShare;
			sourceTree = "<group>";
		};
		5280E3E8819BCFFD2393577C /* Chat */ = {
			isa = PBXGroup;
			children = (
				3CD746CBF9AD4FB55FCF87AA /* WebView.swift */,
			);
			path = Chat;
			sourceTree = "<group>";
		};
		5FAC22AC1835E9B04C4250FC /* Networking */ = {
			isa = PBXGroup;
			children = (
				DBA38927A210B8A6BFB78498 /* ServerConfig.swift */,
			);
			path = Networking;
			sourceTree = "<group>";
		};
		641AC128F0232113C58E2427 /* Debug */ = {
			isa = PBXGroup;
			children = (
				44250F21644795288271ACD4 /* AppLogger.swift */,
				23F1A20B88B512C67FC21F28 /* LogView.swift */,
			);
			path = Debug;
			sourceTree = "<group>";
		};
		8050E845E70EDEAD920DD7C3 /* Products */ = {
			isa = PBXGroup;
			children = (
				BBFF5D72F491675D639A0E31 /* PiDash.app */,
				788371A341E55F25E52232EA /* PiDashShare.appex */,
			);
			name = Products;
			sourceTree = "<group>";
		};
		A87125A1D009AC2E8774AF1C /* Workflows */ = {
			isa = PBXGroup;
			children = (
			);
			path = Workflows;
			sourceTree = "<group>";
		};
		B39D49DFEBC40793A4CB4F84 /* ViewModels */ = {
			isa = PBXGroup;
			children = (
				BD49B269C69BABE939F77B86 /* AppState.swift */,
			);
			path = ViewModels;
			sourceTree = "<group>";
		};
		C472670A2535C475EDB9E9D1 /* Views */ = {
			isa = PBXGroup;
			children = (
				66627E3C7C22D677BB41B8CE /* SettingsView.swift */,
				5280E3E8819BCFFD2393577C /* Chat */,
				1F92B2AE1A9EB6F145FEC65A /* Common */,
				C90DE6835FD0C614BF7AE580 /* Settings */,
				FD59A8BC66A77C7D4C0065F1 /* SlotList */,
				A87125A1D009AC2E8774AF1C /* Workflows */,
			);
			path = Views;
			sourceTree = "<group>";
		};
		C90DE6835FD0C614BF7AE580 /* Settings */ = {
			isa = PBXGroup;
			children = (
			);
			path = Settings;
			sourceTree = "<group>";
		};
		E3E2EF9DBC321DF234EC23C2 = {
			isa = PBXGroup;
			children = (
				0FBD0B08711010CA9B546724 /* PiDash */,
				80BAB33AB5768441967E411A /* PiDashWidget */,
				4BC8928640FB63E08755018D /* PiDashShare */,
				8050E845E70EDEAD920DD7C3 /* Products */,
			);
			sourceTree = "<group>";
		};
		FD59A8BC66A77C7D4C0065F1 /* SlotList */ = {
			isa = PBXGroup;
			children = (
			);
			path = SlotList;
			sourceTree = "<group>";
		};

		239CE2C7C6D9A8A563977AA1 /* LiveActivity */ = {
			isa = PBXGroup;
			children = (
				CC6A63520D1863068A69176D /* PiDashLiveActivityAttributes.swift */,
				C37531DA9C29779C367D43E8   /* LiveActivityManager.swift */,
			);
			path = LiveActivity;
			sourceTree = "<group>";
		};
		5B6F15A68F463F0D752925F6 /* Voice */ = {
			isa = PBXGroup;
			children = (
				656B0509CD69D569CA68D85F /* VoiceManager.swift */,
			);
			path = Voice;
			sourceTree = "<group>";
		};
		80BAB33AB5768441967E411A /* PiDashWidget */ = {
			isa = PBXGroup;
			children = (
				EEC8774AC519FC628980EA1F   /* Info.plist */,
				9C732CD9C00B0902055B31D6    /* PiDashWidget.entitlements */,
				E613B74E099BB9B7A2872BA4   /* PiDashWidget.swift */,
				01A501E253294CCDC6A10AD4 /* PiDashWidgetBundle.swift */,
				82288EBE53D26598CDBFB7E3    /* WidgetNetworking.swift */,
				73780903762272FBC68EB53E     /* PiDashLiveActivity.swift */,
			);
			path = PiDashWidget;
			sourceTree = "<group>";
		};
/* End PBXGroup section */

/* Begin PBXNativeTarget section */
		777CC3B5B79BBAA6C06F1A7A /* PiDash */ = {
			isa = PBXNativeTarget;
			buildConfigurationList = 2D636B26E99C23D723AA8C8A /* Build configuration list for PBXNativeTarget "PiDash" */;
			buildPhases = (
				6D6F3F15225EAAC233D3AF45 /* Sources */,
				5D383E056272AB421E5DE30D /* Resources */,
				5D7C591675B45D41B1FB4A53 /* Frameworks */,
				0CDCD6DC30BB4EBC7C3A931D /* Embed Foundation Extensions */,
				09B165CBBAB8155D51ABBBF9 /* Embed Widget Extensions */,
			);
			buildRules = (
			);
			dependencies = (
				1A0921AD09C4D2E59B69BE46 /* PBXTargetDependency */,
				522F7B17C89F99F587A2C397 /* PBXTargetDependency */,
			);
			name = PiDash;
			packageProductDependencies = (
				0205208DE628A032B7FC03A5 /* MarkdownUI */,
				100E491F5272A14398DEED4C /* NetworkImage */,
				6245B73A834A08D1F18FD06B /* Highlightr */,
			);
			productName = PiDash;
			productReference = BBFF5D72F491675D639A0E31 /* PiDash.app */;
			productType = "com.apple.product-type.application";
		};
		9DDB30A3D50949B2F5E6B39C /* PiDashShare */ = {
			isa = PBXNativeTarget;
			buildConfigurationList = CE15105865E8461F267FDCC5 /* Build configuration list for PBXNativeTarget "PiDashShare" */;
			buildPhases = (
				C4C313A8A935109DE4B41A70 /* Sources */,
			);
			buildRules = (
			);
			dependencies = (
			);
			name = PiDashShare;
			packageProductDependencies = (
			);
			productName = PiDashShare;
			productReference = 788371A341E55F25E52232EA /* PiDashShare.appex */;
			productType = "com.apple.product-type.app-extension";
		};

		0E1ED9BB540E0F943F833D6B /* PiDashWidget */ = {
			isa = PBXNativeTarget;
			buildConfigurationList = 5AFD17B2B3603C3D5B2C38C2 /* Build configuration list for PBXNativeTarget "PiDashWidget" */;
			buildPhases = (
				538514FDA6A1F27D37DCDBA4 /* Sources */,
				214843371FD3E6F5F0DD1AEE     /* Resources */,
			);
			buildRules = (
			);
			dependencies = (
			);
			name = PiDashWidget;
			packageProductDependencies = (
			);
			productName = PiDashWidget;
			productReference = 181167B8148E43C38D7C8B53 /* PiDashWidget.appex */;
			productType = "com.apple.product-type.app-extension";
		};
/* End PBXNativeTarget section */

/* Begin PBXProject section */
		8F3C83F3BACDF2B76FCEDC61 /* Project object */ = {
			isa = PBXProject;
			attributes = {
				BuildIndependentTargetsInParallel = YES;
				LastUpgradeCheck = 1620;
				TargetAttributes = {
					777CC3B5B79BBAA6C06F1A7A = {
						DevelopmentTeam = ZBL5RZ37FG;
						ProvisioningStyle = Automatic;
					};
					9DDB30A3D50949B2F5E6B39C = {
						DevelopmentTeam = ZBL5RZ37FG;
						ProvisioningStyle = Automatic;
					};
					0E1ED9BB540E0F943F833D6B = {
						DevelopmentTeam = ZBL5RZ37FG;
						ProvisioningStyle = Automatic;
					};
				};
			};
			buildConfigurationList = DE23B0BE91D7BC2AEC01C4AC /* Build configuration list for PBXProject "PiDash" */;
			developmentRegion = en;
			hasScannedForEncodings = 0;
			knownRegions = (
				Base,
				en,
			);
			mainGroup = E3E2EF9DBC321DF234EC23C2;
			minimizedProjectReferenceProxies = 1;
			packageReferences = (
				2E2E525CA5035D480AD4FA23 /* XCRemoteSwiftPackageReference "Highlightr" */,
				7594026BC8BC335FE9017139 /* XCRemoteSwiftPackageReference "swift-markdown-ui" */,
				71CB223560EA4ACD80E5BACD /* XCRemoteSwiftPackageReference "NetworkImage" */,
			);
			preferredProjectObjectVersion = 77;
			productRefGroup = 8050E845E70EDEAD920DD7C3 /* Products */;
			projectDirPath = "";
			projectRoot = "";
			targets = (
				777CC3B5B79BBAA6C06F1A7A /* PiDash */,
				9DDB30A3D50949B2F5E6B39C /* PiDashShare */,
				0E1ED9BB540E0F943F833D6B /* PiDashWidget */,
			);
		};
/* End PBXProject section */

/* Begin PBXResourcesBuildPhase section */
		5D383E056272AB421E5DE30D /* Resources */ = {
			isa = PBXResourcesBuildPhase;
			buildActionMask = 2147483647;
			files = (
				E35A5E968F9C09FFED05BDC6 /* Assets.xcassets in Resources */,
			);
			runOnlyForDeploymentPostprocessing = 0;
		};
/* End PBXResourcesBuildPhase section */

/* Begin PBXSourcesBuildPhase section */
		6D6F3F15225EAAC233D3AF45 /* Sources */ = {
			isa = PBXSourcesBuildPhase;
			buildActionMask = 2147483647;
			files = (
				DA50A60429D0606D519F4751 /* APIModels.swift in Sources */,
				D6ED3BC4AFBF0D97EDD1233C /* AppLogger.swift in Sources */,
				C6F915FF86AE9E9E91442954 /* AppState.swift in Sources */,
				EA4B3C5C02D14B25B795B0DF /* AskPiIntent.swift in Sources */,
				417BD07A39C6DAB57AB3CA84 /* BackgroundRefreshService.swift in Sources */,
				2C41F770CE1E133AB8AD6A64 /* CheckPiStatusIntent.swift in Sources */,
				50B4B2A3FD1DDAC9974865D0 /* GetActiveChatsIntent.swift in Sources */,
				8D18BEE0EF69AAF695284EF9 /* IntentNetworking.swift in Sources */,
				2573911977348401137DDA96 /* LocalNotificationService.swift in Sources */,
				29F77AA871775CD0B832929F /* LogView.swift in Sources */,
				3568E9A59A2673F94DA7A9F2 /* PiDashApp.swift in Sources */,
				F18845C9A0BC1F7E8B4D3F6D /* PiDashShortcuts.swift in Sources */,
				C00B5ADC864C1FF36297C862 /* RelativeTimeFormatter.swift in Sources */,
				DAAB7240BE42A656B4E5CE3F /* RootView.swift in Sources */,
				EF746E0917E1EEC44B891544 /* SendToPiIntent.swift in Sources */,
				7BEFA575A194918088A5F404 /* ServerConfig.swift in Sources */,
				BAD7200B8A869436F16410BF /* SettingsView.swift in Sources */,
				E905F289C9955FF64CC5EF8A /* WebView.swift in Sources */,
				218637F19B14CE2FF59E6D2F /* PiDashLiveActivityAttributes.swift in Sources */,
				30949E0B5359AA5F40326E8C /* LiveActivityManager.swift in Sources */,
				C0796F8E152F64EF166C6045 /* VoiceManager.swift in Sources */,
			);

			runOnlyForDeploymentPostprocessing = 0;
		};
		C4C313A8A935109DE4B41A70 /* Sources */ = {
			isa = PBXSourcesBuildPhase;
			buildActionMask = 2147483647;
			files = (
				A20780292B0101CE23056AD7 /* ShareView.swift in Sources */,
				D4849796318BF3693FD2C10A /* ShareViewController.swift in Sources */,
				0717FFBD7924845AD7FA79BA /* ShareViewModel.swift in Sources */,
			);
			runOnlyForDeploymentPostprocessing = 0;
		};

		538514FDA6A1F27D37DCDBA4 /* Sources (PiDashWidget) */ = {
			isa = PBXSourcesBuildPhase;
			buildActionMask = 2147483647;
			files = (
				EFFB39121399937D9DF435B8 /* PiDashLiveActivityAttributes.swift in Sources */,
				E0835F76B684511AE97C9BAE     /* PiDashWidget.swift in Sources */,
				5C75F3EFB29DFE30DB35877D   /* PiDashWidgetBundle.swift in Sources */,
				8026CE234F4FE4070D290547      /* WidgetNetworking.swift in Sources */,
				F87992A265CC327D18A7E459       /* PiDashLiveActivity.swift in Sources */,
			);
			runOnlyForDeploymentPostprocessing = 0;
		};
		214843371FD3E6F5F0DD1AEE /* Resources (PiDashWidget) */ = {
			isa = PBXResourcesBuildPhase;
			buildActionMask = 2147483647;
			files = (
			);
			runOnlyForDeploymentPostprocessing = 0;
		};
/* End PBXSourcesBuildPhase section */

/* Begin PBXTargetDependency section */
		1A0921AD09C4D2E59B69BE46 /* PBXTargetDependency */ = {
			isa = PBXTargetDependency;
			target = 9DDB30A3D50949B2F5E6B39C /* PiDashShare */;
			targetProxy = 8F5344F9C6599F14D0788D87 /* PBXContainerItemProxy */;
		};

		522F7B17C89F99F587A2C397 /* PBXTargetDependency */ = {
			isa = PBXTargetDependency;
			target = 0E1ED9BB540E0F943F833D6B /* PiDashWidget */;
			targetProxy = 9E567C9FEDBEBBBF187B08CE /* PBXContainerItemProxy */;
		};
/* End PBXTargetDependency section */

/* Begin XCBuildConfiguration section */
		23CC8C00A84F6D61C43FCB06 /* Debug */ = {
			isa = XCBuildConfiguration;
			buildSettings = {
				CODE_SIGN_ENTITLEMENTS = PiDashShare/PiDashShare.entitlements;
				CODE_SIGN_STYLE = Automatic;
				DEVELOPMENT_TEAM = ZBL5RZ37FG;
				INFOPLIST_FILE = PiDashShare/Info.plist;
				IPHONEOS_DEPLOYMENT_TARGET = 17.0;
				LD_RUNPATH_SEARCH_PATHS = (
					"$(inherited)",
					"@executable_path/Frameworks",
					"@executable_path/../../Frameworks",
				);
				PRODUCT_BUNDLE_IDENTIFIER = com.sam.pidash.ShareExtension;
				SDKROOT = iphoneos;
				TARGETED_DEVICE_FAMILY = "1,2";
			};
			name = Debug;
		};
		34F62811FD185594390F4777 /* Debug */ = {
			isa = XCBuildConfiguration;
			buildSettings = {
				ALWAYS_SEARCH_USER_PATHS = NO;
				CLANG_ANALYZER_NONNULL = YES;
				CLANG_ANALYZER_NUMBER_OBJECT_CONVERSION = YES_AGGRESSIVE;
				CLANG_CXX_LANGUAGE_STANDARD = "gnu++14";
				CLANG_CXX_LIBRARY = "libc++";
				CLANG_ENABLE_MODULES = YES;
				CLANG_ENABLE_OBJC_ARC = YES;
				CLANG_ENABLE_OBJC_WEAK = YES;
				CLANG_WARN_BLOCK_CAPTURE_AUTORELEASING = YES;
				CLANG_WARN_BOOL_CONVERSION = YES;
				CLANG_WARN_COMMA = YES;
				CLANG_WARN_CONSTANT_CONVERSION = YES;
				CLANG_WARN_DEPRECATED_OBJC_IMPLEMENTATIONS = YES;
				CLANG_WARN_DIRECT_OBJC_ISA_USAGE = YES_ERROR;
				CLANG_WARN_DOCUMENTATION_COMMENTS = YES;
				CLANG_WARN_EMPTY_BODY = YES;
				CLANG_WARN_ENUM_CONVERSION = YES;
				CLANG_WARN_INFINITE_RECURSION = YES;
				CLANG_WARN_INT_CONVERSION = YES;
				CLANG_WARN_NON_LITERAL_NULL_CONVERSION = YES;
				CLANG_WARN_OBJC_IMPLICIT_RETAIN_SELF = YES;
				CLANG_WARN_OBJC_LITERAL_CONVERSION = YES;
				CLANG_WARN_OBJC_ROOT_CLASS = YES_ERROR;
				CLANG_WARN_QUOTED_INCLUDE_IN_FRAMEWORK_HEADER = YES;
				CLANG_WARN_RANGE_LOOP_ANALYSIS = YES;
				CLANG_WARN_STRICT_PROTOTYPES = YES;
				CLANG_WARN_SUSPICIOUS_MOVE = YES;
				CLANG_WARN_UNGUARDED_AVAILABILITY = YES_AGGRESSIVE;
				CLANG_WARN_UNREACHABLE_CODE = YES;
				CLANG_WARN__DUPLICATE_METHOD_MATCH = YES;
				CODE_SIGN_STYLE = Automatic;
				COPY_PHASE_STRIP = NO;
				CURRENT_PROJECT_VERSION = 1;
				DEBUG_INFORMATION_FORMAT = "dwarf-with-dsym";
				DEVELOPMENT_TEAM = ZBL5RZ37FG;
				ENABLE_HARDENED_RUNTIME = YES;
				ENABLE_STRICT_OBJC_MSGSEND = YES;
				ENABLE_TESTABILITY = YES;
				GCC_C_LANGUAGE_STANDARD = gnu11;
				GCC_DYNAMIC_NO_PIC = NO;
				GCC_NO_COMMON_BLOCKS = YES;
				GCC_OPTIMIZATION_LEVEL = 0;
				GCC_PREPROCESSOR_DEFINITIONS = (
					"$(inherited)",
					"DEBUG=1",
				);
				GCC_WARN_64_TO_32_BIT_CONVERSION = YES;
				GCC_WARN_ABOUT_RETURN_TYPE = YES_ERROR;
				GCC_WARN_UNDECLARED_SELECTOR = YES;
				GCC_WARN_UNINITIALIZED_AUTOS = YES_AGGRESSIVE;
				GCC_WARN_UNUSED_FUNCTION = YES;
				GCC_WARN_UNUSED_VARIABLE = YES;
				IPHONEOS_DEPLOYMENT_TARGET = 17.0;
				MARKETING_VERSION = 1.0;
				MTL_ENABLE_DEBUG_INFO = INCLUDE_SOURCE;
				MTL_FAST_MATH = YES;
				ONLY_ACTIVE_ARCH = YES;
				PRODUCT_BUNDLE_IDENTIFIER = com.sam.pidash;
				PRODUCT_NAME = "$(TARGET_NAME)";
				SDKROOT = iphoneos;
				SUPPORTS_MACCATALYST = YES;
				SWIFT_ACTIVE_COMPILATION_CONDITIONS = DEBUG;
				SWIFT_OPTIMIZATION_LEVEL = "-Onone";
				SWIFT_VERSION = 5.9;
				TARGETED_DEVICE_FAMILY = "1,2";
			};
			name = Debug;
		};
		401DC73DB6800D2286774FF5 /* Release */ = {
			isa = XCBuildConfiguration;
			buildSettings = {
				ASSETCATALOG_COMPILER_APPICON_NAME = AppIcon;
				CODE_SIGN_IDENTITY = "iPhone Developer";
				CODE_SIGN_STYLE = Automatic;
				DEVELOPMENT_TEAM = ZBL5RZ37FG;
				INFOPLIST_FILE = PiDash/Info.plist;
				IPHONEOS_DEPLOYMENT_TARGET = 17.0;
				LD_RUNPATH_SEARCH_PATHS = (
					"$(inherited)",
					"@executable_path/Frameworks",
				);
				PRODUCT_BUNDLE_IDENTIFIER = com.sam.pidash;
				SDKROOT = iphoneos;
				TARGETED_DEVICE_FAMILY = "1,2";
			};
			name = Release;
		};
		7A98C3207B3D115DCF3319DB /* Release */ = {
			isa = XCBuildConfiguration;
			buildSettings = {
				CODE_SIGN_ENTITLEMENTS = PiDashShare/PiDashShare.entitlements;
				CODE_SIGN_STYLE = Automatic;
				DEVELOPMENT_TEAM = ZBL5RZ37FG;
				INFOPLIST_FILE = PiDashShare/Info.plist;
				IPHONEOS_DEPLOYMENT_TARGET = 17.0;
				LD_RUNPATH_SEARCH_PATHS = (
					"$(inherited)",
					"@executable_path/Frameworks",
					"@executable_path/../../Frameworks",
				);
				PRODUCT_BUNDLE_IDENTIFIER = com.sam.pidash.ShareExtension;
				SDKROOT = iphoneos;
				TARGETED_DEVICE_FAMILY = "1,2";
			};
			name = Release;
		};
		9C4CA1313A001B38C4D84083 /* Debug */ = {
			isa = XCBuildConfiguration;
			buildSettings = {
				ASSETCATALOG_COMPILER_APPICON_NAME = AppIcon;
				CODE_SIGN_IDENTITY = "iPhone Developer";
				CODE_SIGN_STYLE = Automatic;
				DEVELOPMENT_TEAM = ZBL5RZ37FG;
				INFOPLIST_FILE = PiDash/Info.plist;
				IPHONEOS_DEPLOYMENT_TARGET = 17.0;
				LD_RUNPATH_SEARCH_PATHS = (
					"$(inherited)",
					"@executable_path/Frameworks",
				);
				PRODUCT_BUNDLE_IDENTIFIER = com.sam.pidash;
				SDKROOT = iphoneos;
				TARGETED_DEVICE_FAMILY = "1,2";
			};
			name = Debug;
		};
		E71E0C742650277F6880A896 /* Release */ = {
			isa = XCBuildConfiguration;
			buildSettings = {
				ALWAYS_SEARCH_USER_PATHS = NO;
				CLANG_ANALYZER_NONNULL = YES;
				CLANG_ANALYZER_NUMBER_OBJECT_CONVERSION = YES_AGGRESSIVE;
				CLANG_CXX_LANGUAGE_STANDARD = "gnu++14";
				CLANG_CXX_LIBRARY = "libc++";
				CLANG_ENABLE_MODULES = YES;
				CLANG_ENABLE_OBJC_ARC = YES;
				CLANG_ENABLE_OBJC_WEAK = YES;
				CLANG_WARN_BLOCK_CAPTURE_AUTORELEASING = YES;
				CLANG_WARN_BOOL_CONVERSION = YES;
				CLANG_WARN_COMMA = YES;
				CLANG_WARN_CONSTANT_CONVERSION = YES;
				CLANG_WARN_DEPRECATED_OBJC_IMPLEMENTATIONS = YES;
				CLANG_WARN_DIRECT_OBJC_ISA_USAGE = YES_ERROR;
				CLANG_WARN_DOCUMENTATION_COMMENTS = YES;
				CLANG_WARN_EMPTY_BODY = YES;
				CLANG_WARN_ENUM_CONVERSION = YES;
				CLANG_WARN_INFINITE_RECURSION = YES;
				CLANG_WARN_INT_CONVERSION = YES;
				CLANG_WARN_NON_LITERAL_NULL_CONVERSION = YES;
				CLANG_WARN_OBJC_IMPLICIT_RETAIN_SELF = YES;
				CLANG_WARN_OBJC_LITERAL_CONVERSION = YES;
				CLANG_WARN_OBJC_ROOT_CLASS = YES_ERROR;
				CLANG_WARN_QUOTED_INCLUDE_IN_FRAMEWORK_HEADER = YES;
				CLANG_WARN_RANGE_LOOP_ANALYSIS = YES;
				CLANG_WARN_STRICT_PROTOTYPES = YES;
				CLANG_WARN_SUSPICIOUS_MOVE = YES;
				CLANG_WARN_UNGUARDED_AVAILABILITY = YES_AGGRESSIVE;
				CLANG_WARN_UNREACHABLE_CODE = YES;
				CLANG_WARN__DUPLICATE_METHOD_MATCH = YES;
				CODE_SIGN_STYLE = Automatic;
				COPY_PHASE_STRIP = NO;
				CURRENT_PROJECT_VERSION = 1;
				DEBUG_INFORMATION_FORMAT = "dwarf-with-dsym";
				DEVELOPMENT_TEAM = ZBL5RZ37FG;
				ENABLE_HARDENED_RUNTIME = YES;
				ENABLE_NS_ASSERTIONS = NO;
				ENABLE_STRICT_OBJC_MSGSEND = YES;
				GCC_C_LANGUAGE_STANDARD = gnu11;
				GCC_NO_COMMON_BLOCKS = YES;
				GCC_WARN_64_TO_32_BIT_CONVERSION = YES;
				GCC_WARN_ABOUT_RETURN_TYPE = YES_ERROR;
				GCC_WARN_UNDECLARED_SELECTOR = YES;
				GCC_WARN_UNINITIALIZED_AUTOS = YES_AGGRESSIVE;
				GCC_WARN_UNUSED_FUNCTION = YES;
				GCC_WARN_UNUSED_VARIABLE = YES;
				IPHONEOS_DEPLOYMENT_TARGET = 17.0;
				MARKETING_VERSION = 1.0;
				MTL_ENABLE_DEBUG_INFO = NO;
				MTL_FAST_MATH = YES;
				PRODUCT_BUNDLE_IDENTIFIER = com.sam.pidash;
				PRODUCT_NAME = "$(TARGET_NAME)";
				SDKROOT = iphoneos;
				SUPPORTS_MACCATALYST = YES;
				SWIFT_COMPILATION_MODE = wholemodule;
				SWIFT_OPTIMIZATION_LEVEL = "-O";
				SWIFT_VERSION = 5.9;
				TARGETED_DEVICE_FAMILY = "1,2";
			};
			name = Release;
		};

		0B24B09508F66FEC673BC06F /* Debug (PiDashWidget) */ = {
			isa = XCBuildConfiguration;
			buildSettings = {
				CODE_SIGN_ENTITLEMENTS = PiDashWidget/PiDashWidget.entitlements;
				CODE_SIGN_STYLE = Automatic;
				CURRENT_PROJECT_VERSION = 1;
				DEVELOPMENT_TEAM = ZBL5RZ37FG;
				INFOPLIST_FILE = PiDashWidget/Info.plist;
				IPHONEOS_DEPLOYMENT_TARGET = 17.0;
				LD_RUNPATH_SEARCH_PATHS = (
					"$(inherited)",
					"@executable_path/Frameworks",
					"@executable_path/../../Frameworks",
				);
				MARKETING_VERSION = 1.0;
				PRODUCT_BUNDLE_IDENTIFIER = "com.sam.pidash.PiDashWidget";
				PRODUCT_NAME = "$(TARGET_NAME)";
				SDKROOT = iphoneos;
				SWIFT_VERSION = 5.9;
				TARGETED_DEVICE_FAMILY = "1,2";
			};
			name = Debug;
		};
		D3E3880BAA91174A2722BFF3 /* Release (PiDashWidget) */ = {
			isa = XCBuildConfiguration;
			buildSettings = {
				CODE_SIGN_ENTITLEMENTS = PiDashWidget/PiDashWidget.entitlements;
				CODE_SIGN_STYLE = Automatic;
				CURRENT_PROJECT_VERSION = 1;
				DEVELOPMENT_TEAM = ZBL5RZ37FG;
				INFOPLIST_FILE = PiDashWidget/Info.plist;
				IPHONEOS_DEPLOYMENT_TARGET = 17.0;
				LD_RUNPATH_SEARCH_PATHS = (
					"$(inherited)",
					"@executable_path/Frameworks",
					"@executable_path/../../Frameworks",
				);
				MARKETING_VERSION = 1.0;
				PRODUCT_BUNDLE_IDENTIFIER = "com.sam.pidash.PiDashWidget";
				PRODUCT_NAME = "$(TARGET_NAME)";
				SDKROOT = iphoneos;
				SWIFT_COMPILATION_MODE = wholemodule;
				SWIFT_OPTIMIZATION_LEVEL = "-O";
				SWIFT_VERSION = 5.9;
				TARGETED_DEVICE_FAMILY = "1,2";
			};
			name = Release;
		};
/* End XCBuildConfiguration section */

/* Begin XCConfigurationList section */
		2D636B26E99C23D723AA8C8A /* Build configuration list for PBXNativeTarget "PiDash" */ = {
			isa = XCConfigurationList;
			buildConfigurations = (
				9C4CA1313A001B38C4D84083 /* Debug */,
				401DC73DB6800D2286774FF5 /* Release */,
			);
			defaultConfigurationIsVisible = 0;
			defaultConfigurationName = Debug;
		};
		CE15105865E8461F267FDCC5 /* Build configuration list for PBXNativeTarget "PiDashShare" */ = {
			isa = XCConfigurationList;
			buildConfigurations = (
				23CC8C00A84F6D61C43FCB06 /* Debug */,
				7A98C3207B3D115DCF3319DB /* Release */,
			);
			defaultConfigurationIsVisible = 0;
			defaultConfigurationName = Debug;
		};
		DE23B0BE91D7BC2AEC01C4AC /* Build configuration list for PBXProject "PiDash" */ = {
			isa = XCConfigurationList;
			buildConfigurations = (
				34F62811FD185594390F4777 /* Debug */,
				E71E0C742650277F6880A896 /* Release */,
			);
			defaultConfigurationIsVisible = 0;
			defaultConfigurationName = Debug;
		};

		5AFD17B2B3603C3D5B2C38C2 /* Build configuration list for PBXNativeTarget "PiDashWidget" */ = {
			isa = XCConfigurationList;
			buildConfigurations = (
				0B24B09508F66FEC673BC06F   /* Debug */,
				D3E3880BAA91174A2722BFF3 /* Release */,
			);
			defaultConfigurationIsVisible = 0;
			defaultConfigurationName = Debug;
		};
/* End XCConfigurationList section */

/* Begin XCRemoteSwiftPackageReference section */
		2E2E525CA5035D480AD4FA23 /* XCRemoteSwiftPackageReference "Highlightr" */ = {
			isa = XCRemoteSwiftPackageReference;
			repositoryURL = "https://github.com/raspu/Highlightr";
			requirement = {
				kind = upToNextMajorVersion;
				minimumVersion = 2.2.0;
			};
		};
		71CB223560EA4ACD80E5BACD /* XCRemoteSwiftPackageReference "NetworkImage" */ = {
			isa = XCRemoteSwiftPackageReference;
			repositoryURL = "https://github.com/gonzalezreal/NetworkImage";
			requirement = {
				kind = upToNextMajorVersion;
				minimumVersion = 6.0.0;
			};
		};
		7594026BC8BC335FE9017139 /* XCRemoteSwiftPackageReference "swift-markdown-ui" */ = {
			isa = XCRemoteSwiftPackageReference;
			repositoryURL = "https://github.com/gonzalezreal/swift-markdown-ui";
			requirement = {
				kind = upToNextMajorVersion;
				minimumVersion = 2.4.0;
			};
		};
/* End XCRemoteSwiftPackageReference section */

/* Begin XCSwiftPackageProductDependency section */
		0205208DE628A032B7FC03A5 /* MarkdownUI */ = {
			isa = XCSwiftPackageProductDependency;
			package = 7594026BC8BC335FE9017139 /* XCRemoteSwiftPackageReference "swift-markdown-ui" */;
			productName = MarkdownUI;
		};
		100E491F5272A14398DEED4C /* NetworkImage */ = {
			isa = XCSwiftPackageProductDependency;
			package = 71CB223560EA4ACD80E5BACD /* XCRemoteSwiftPackageReference "NetworkImage" */;
			productName = NetworkImage;
		};
		6245B73A834A08D1F18FD06B /* Highlightr */ = {
			isa = XCSwiftPackageProductDependency;
			package = 2E2E525CA5035D480AD4FA23 /* XCRemoteSwiftPackageReference "Highlightr" */;
			productName = Highlightr;
		};
/* End XCSwiftPackageProductDependency section */
	};
	rootObject = 8F3C83F3BACDF2B76FCEDC61 /* Project object */;
}
